<?xml version="1.0" encoding="utf-8"?>
<Project ToolsVersion="4.0" xmlns="http://schemas.microsoft.com/developer/msbuild/2003">
  <ItemGroup>
    <Filter Include="ソース ファイル">
      <UniqueIdentifier>{4FC737F1-C7A5-4376-A066-2A32D752A2FF}</UniqueIdentifier>
      <Extensions>cpp;c;cc;cxx;def;odl;idl;hpj;bat;asm;asmx</Extensions>
    </Filter>
    <Filter Include="ヘッダー ファイル">
      <UniqueIdentifier>{93995380-89BD-4b04-88EB-625FBE52EBFB}</UniqueIdentifier>
      <Extensions>h;hh;hpp;hxx;hm;inl;inc;ipp;xsd</Extensions>
    </Filter>
    <Filter Include="リソース ファイル">
      <UniqueIdentifier>{67DA6AB6-F800-4c08-8B7A-83BB121AAD01}</UniqueIdentifier>
      <Extensions>rc;ico;cur;bmp;dlg;rc2;rct;bin;rgs;gif;jpg;jpeg;jpe;resx;tiff;tif;png;wav;mfcribbon-ms</Extensions>
    </Filter>
    <Filter Include="ソース ファイル\Draw">
      <UniqueIdentifier>{ab0434d2-36a7-4d90-80b6-4b057c3dd93b}</UniqueIdentifier>
    </Filter>
    <Filter Include="ソース ファイル\Draw\Hp">
      <UniqueIdentifier>{2d919df4-131f-4f33-9a8c-c8146cd32145}</UniqueIdentifier>
    </Filter>
    <Filter Include="ソース ファイル\GameSource">
      <UniqueIdentifier>{16eb5cf3-c874-4bb9-ab1e-7d22930c78fb}</UniqueIdentifier>
    </Filter>
    <Filter Include="ソース ファイル\Ground">
      <UniqueIdentifier>{bb916f22-611a-4f56-8ed6-cae7ab191a18}</UniqueIdentifier>
    </Filter>
    <Filter Include="ソース ファイル\Gun">
      <UniqueIdentifier>{5a1b5804-b2dc-4362-b095-4775bd576642}</UniqueIdentifier>
    </Filter>
    <Filter Include="ソース ファイル\Gun\Bullet">
      <UniqueIdentifier>{825200c3-2937-4591-b463-53431ce301c0}</UniqueIdentifier>
    </Filter>
    <Filter Include="ソース ファイル\Gun\GunDraw">
      <UniqueIdentifier>{da1c9917-56b6-45ff-9718-62942b9d3435}</UniqueIdentifier>
    </Filter>
    <Filter Include="ソース ファイル\Gun\Laser">
      <UniqueIdentifier>{b33af2fa-75eb-4340-93ea-d92fdd3e9850}</UniqueIdentifier>
    </Filter>
    <Filter Include="ソース ファイル\Gun\Muz">
      <UniqueIdentifier>{2db0759a-7829-4766-8617-145ecb1fe5eb}</UniqueIdentifier>
    </Filter>
    <Filter Include="ソース ファイル\Gun\GunDraw\NewGun">
      <UniqueIdentifier>{7144ff6a-8c0d-470b-b044-591041e7100c}</UniqueIdentifier>
    </Filter>
    <Filter Include="ソース ファイル\Key">
      <UniqueIdentifier>{f829ed8c-d26a-4a91-a4eb-a58dd537f5b4}</UniqueIdentifier>
    </Filter>
    <Filter Include="ソース ファイル\Move">
      <UniqueIdentifier>{afd3455b-f5bc-4f15-9f15-96d53d820c31}</UniqueIdentifier>
    </Filter>
    <Filter Include="ソース ファイル\Move\GunMove">
      <UniqueIdentifier>{4d5418a2-5408-43c9-9b6b-3f9f13f57f51}</UniqueIdentifier>
    </Filter>
    <Filter Include="ソース ファイル\Scene">
      <UniqueIdentifier>{7627b4db-a503-4664-ae4b-4028f98ba0b6}</UniqueIdentifier>
    </Filter>
    <Filter Include="ソース ファイル\Sound">
      <UniqueIdentifier>{b71240db-f219-4290-9f6c-c06ff3ef40d8}</UniqueIdentifier>
    </Filter>
    <Filter Include="ソース ファイル\Draw\DrawBase">
      <UniqueIdentifier>{eee0bc81-99a9-4a06-a803-7b91c45d38d0}</UniqueIdentifier>
    </Filter>
    <Filter Include="ソース ファイル\GameSource\Mat">
      <UniqueIdentifier>{dfe2b4a9-8314-4d6a-b87c-583c38a5e3d3}</UniqueIdentifier>
    </Filter>
    <Filter Include="ソース ファイル\Draw\DrawBase\Polygon">
      <UniqueIdentifier>{2a623194-ed87-437f-9906-0ff5be772ba0}</UniqueIdentifier>
    </Filter>
    <Filter Include="ソース ファイル\Draw\DrawBase\Polygon\PolMat">
      <UniqueIdentifier>{c480d27c-949a-453e-a823-a67ebbe11f45}</UniqueIdentifier>
    </Filter>
    <Filter Include="ソース ファイル\Draw\DrawBase\Polygon\PolMat\Draw">
      <UniqueIdentifier>{b7f83995-6609-48bd-b76f-6f198b757354}</UniqueIdentifier>
    </Filter>
    <Filter Include="ソース ファイル\GameSource\GetSet">
      <UniqueIdentifier>{3b2cbe24-6599-41a0-869b-cad1d352a60f}</UniqueIdentifier>
    </Filter>
    <Filter Include="ソース ファイル\Draw\DrawBase\Mesh_Draw">
      <UniqueIdentifier>{6b8fcb92-7943-4819-910b-29946c57c02b}</UniqueIdentifier>
    </Filter>
    <Filter Include="ソース ファイル\Draw\DrawBase\Mesh_Draw\Mesh_1_1">
      <UniqueIdentifier>{1e2c6226-3fd3-4235-8c82-c3483b0beee1}</UniqueIdentifier>
    </Filter>
    <Filter Include="ソース ファイル\Draw\DrawBase\Mesh_Draw\Mesh_1_1\MeshSet1_1">
      <UniqueIdentifier>{dd4aadf8-1536-4ed5-bf19-9a0c73131fc3}</UniqueIdentifier>
    </Filter>
    <Filter Include="ソース ファイル\Gun\GunDraw\GunMove">
      <UniqueIdentifier>{e78a55f4-463e-4de9-b343-8e4d9fdc83d6}</UniqueIdentifier>
    </Filter>
    <Filter Include="ソース ファイル\Draw\DrawBase\Mesh_Draw\Mesh_1_1\MeshSet2-1">
      <UniqueIdentifier>{acb8beac-1b82-4c2a-a3f3-e652349d8245}</UniqueIdentifier>
    </Filter>
    <Filter Include="ソース ファイル\GameSource\StructClass">
      <UniqueIdentifier>{a1e42142-760b-48ee-963c-094aa78636e6}</UniqueIdentifier>
    </Filter>
    <Filter Include="ソース ファイル\Draw\DrawBase2">
      <UniqueIdentifier>{42b98639-9b5e-47a6-9d25-d4e9279200f5}</UniqueIdentifier>
    </Filter>
    <Filter Include="ソース ファイル\Draw\DrawBase2\DrawMesh">
      <UniqueIdentifier>{7e83acd0-07f3-4c52-ab7f-ec98a0caf887}</UniqueIdentifier>
    </Filter>
    <Filter Include="ソース ファイル\Draw\DrawBase2\DrawPol">
      <UniqueIdentifier>{4a96e2d7-56f0-4a2e-ac7a-cdb2eabf549f}</UniqueIdentifier>
    </Filter>
    <Filter Include="ソース ファイル\Draw\DrawBase2\DrawPolMat">
      <UniqueIdentifier>{c10c5142-fc45-41b0-a54d-09ad3ad5d60a}</UniqueIdentifier>
    </Filter>
    <Filter Include="ソース ファイル\Gun\GunDraw\GunParts">
      <UniqueIdentifier>{0ff7c205-1fa3-44ae-b9a9-d5e9c2609b99}</UniqueIdentifier>
    </Filter>
    <Filter Include="ソース ファイル\Gun\Bullet\BulletBase">
      <UniqueIdentifier>{4777e845-e0af-4dc5-be68-64d73a5e5173}</UniqueIdentifier>
    </Filter>
    <Filter Include="ソース ファイル\Gun\GunDraw\Gun_Trigger">
      <UniqueIdentifier>{66718f4b-93f2-40c7-8208-feca2076db3f}</UniqueIdentifier>
    </Filter>
    <Filter Include="ソース ファイル\Gun\GunDraw\Gun_Type">
      <UniqueIdentifier>{24996bc7-db4a-4b52-87da-2d6dc11269d8}</UniqueIdentifier>
    </Filter>
    <Filter Include="ソース ファイル\Draw\Tire">
      <UniqueIdentifier>{e47e547b-e906-4e58-97d8-4b8898af11b4}</UniqueIdentifier>
    </Filter>
    <Filter Include="ソース ファイル\Draw\Stand">
      <UniqueIdentifier>{31d483fc-d774-4373-8b31-e6a73f7f0f07}</UniqueIdentifier>
    </Filter>
    <Filter Include="ソース ファイル\Move\PartsMove">
      <UniqueIdentifier>{3683b3f6-c5b0-4da1-9626-f2dbe77b2266}</UniqueIdentifier>
    </Filter>
    <Filter Include="ソース ファイル\Move\GunMove\Auto">
      <UniqueIdentifier>{cc8894e7-d52d-47ee-94a9-1ec457bd2cc3}</UniqueIdentifier>
    </Filter>
    <Filter Include="ソース ファイル\Draw\Door">
      <UniqueIdentifier>{21ac145b-d8fb-4f06-b875-fd49403dd556}</UniqueIdentifier>
    </Filter>
    <Filter Include="ソース ファイル\Draw\Polygon">
      <UniqueIdentifier>{4f798a02-dfea-4e50-830f-8674d6e3e8f5}</UniqueIdentifier>
    </Filter>
    <Filter Include="ソース ファイル\Draw\Bullet">
      <UniqueIdentifier>{453026c5-28bc-463a-bebb-409d7f427173}</UniqueIdentifier>
    </Filter>
    <Filter Include="ソース ファイル\Draw\Judg">
      <UniqueIdentifier>{04c6fa9d-f024-4703-ae92-4c5781237ff0}</UniqueIdentifier>
    </Filter>
    <Filter Include="ソース ファイル\Enemy">
      <UniqueIdentifier>{a4a04631-56a1-48a1-b393-e2c41257b8b6}</UniqueIdentifier>
    </Filter>
    <Filter Include="ソース ファイル\Player">
      <UniqueIdentifier>{a80c0798-b876-4d7a-8ef0-2768c70b9580}</UniqueIdentifier>
    </Filter>
    <Filter Include="ソース ファイル\Draw\DrawBase2\New_Draw">
      <UniqueIdentifier>{7a33324b-ee0c-4d6b-aefd-0e3b6115c1ad}</UniqueIdentifier>
    </Filter>
    <Filter Include="ソース ファイル\Stage_Data">
      <UniqueIdentifier>{c83546f5-66b4-4dd3-a723-2fa32537258c}</UniqueIdentifier>
    </Filter>
    <Filter Include="ソース ファイル\Stage_Data\Stage_1">
      <UniqueIdentifier>{c4db6b88-bd78-447b-b5cc-6581fb04fd20}</UniqueIdentifier>
    </Filter>
    <Filter Include="ソース ファイル\Stage_Data\Car_Pop">
      <UniqueIdentifier>{642cc27d-1a42-43ea-9e8e-e1cf068da63d}</UniqueIdentifier>
    </Filter>
    <Filter Include="ソース ファイル\Ground\Stage_Ground">
      <UniqueIdentifier>{12cec447-54b5-4f43-b104-c3a054a280e5}</UniqueIdentifier>
    </Filter>
    <Filter Include="ソース ファイル\Ground\Stage_Ground\Ground_Type">
      <UniqueIdentifier>{a31c38cb-b7c6-4efe-95e6-728eb7aac446}</UniqueIdentifier>
    </Filter>
    <Filter Include="ソース ファイル\Sound\vector">
      <UniqueIdentifier>{96aa3988-ace9-4aec-86f3-63e24a863db9}</UniqueIdentifier>
    </Filter>
    <Filter Include="ソース ファイル\Sound\BGM">
      <UniqueIdentifier>{3013a070-e83f-4554-a41f-c20068cb0b9b}</UniqueIdentifier>
    </Filter>
    <Filter Include="ソース ファイル\Sound\SE">
      <UniqueIdentifier>{fe5dbd8a-dfd7-48dc-81a8-345280b6d8bb}</UniqueIdentifier>
    </Filter>
    <Filter Include="ソース ファイル\Sound\Base">
      <UniqueIdentifier>{f64051ce-7f9f-4249-be86-f9870a816817}</UniqueIdentifier>
    </Filter>
    <Filter Include="ソース ファイル\Stage_Data\Stage_D1">
      <UniqueIdentifier>{e0ed984d-61e5-49be-8434-d2f96991ff74}</UniqueIdentifier>
    </Filter>
    <Filter Include="ソース ファイル\Sound\SE\Warning">
      <UniqueIdentifier>{7f7fcbb5-a4ab-4add-a005-3022a6602ee5}</UniqueIdentifier>
    </Filter>
    <Filter Include="ソース ファイル\Sound\SE\Click">
      <UniqueIdentifier>{c418f1a8-5cfa-4d82-ab92-403fd39c3593}</UniqueIdentifier>
    </Filter>
    <Filter Include="ソース ファイル\Sound\SE\Manager">
      <UniqueIdentifier>{d77e1015-1f95-4278-94b6-d0a97c805322}</UniqueIdentifier>
    </Filter>
    <Filter Include="ソース ファイル\Draw\Damage_Num">
      <UniqueIdentifier>{ea38ded2-c827-496f-aa3e-0ad287235a72}</UniqueIdentifier>
    </Filter>
    <Filter Include="ソース ファイル\Move\Speed">
      <UniqueIdentifier>{0fbc2076-f4e7-4212-b5e0-1e9a3a68fb5c}</UniqueIdentifier>
    </Filter>
    <Filter Include="ソース ファイル\Draw\Screen_2D">
      <UniqueIdentifier>{e9229508-fb7b-40a4-aa34-f3702141c6b7}</UniqueIdentifier>
    </Filter>
    <Filter Include="ソース ファイル\Ground\Ground_Object_Parts">
      <UniqueIdentifier>{e1384319-c7a4-4e1d-93c3-6f40c205203e}</UniqueIdentifier>
    </Filter>
    <Filter Include="ソース ファイル\Const">
      <UniqueIdentifier>{cd189ee8-632b-4e5d-8a0f-740abf669b13}</UniqueIdentifier>
    </Filter>
    <Filter Include="ソース ファイル\Sound\SE\Bullet_Hit">
      <UniqueIdentifier>{04e59942-0f3b-4c55-bedd-3eef9fae6352}</UniqueIdentifier>
    </Filter>
    <Filter Include="ソース ファイル\Fade">
      <UniqueIdentifier>{82c5e4ee-b05b-442a-bea1-1831c83e409c}</UniqueIdentifier>
    </Filter>
    <Filter Include="ソース ファイル\GameSource\Option">
      <UniqueIdentifier>{afb96f52-37e7-4208-b83f-0e51cb28ac53}</UniqueIdentifier>
    </Filter>
    <Filter Include="ソース ファイル\Car">
      <UniqueIdentifier>{8e996768-3fe8-4aaf-b9c2-93ab5f2e9db8}</UniqueIdentifier>
    </Filter>
    <Filter Include="ソース ファイル\Car\Parts">
      <UniqueIdentifier>{e99d8127-75a4-4cab-9c19-78c04d164347}</UniqueIdentifier>
    </Filter>
    <Filter Include="ソース ファイル\MaterialManager">
      <UniqueIdentifier>{ef7c5a07-6eb5-4019-8c9c-88021c622d91}</UniqueIdentifier>
    </Filter>
    <Filter Include="ソース ファイル\Draw\Hp\Player">
      <UniqueIdentifier>{271c4bb1-affb-4d8a-96aa-f7bac46c17f5}</UniqueIdentifier>
    </Filter>
    <Filter Include="ソース ファイル\Draw\Hp\Enemy">
      <UniqueIdentifier>{5931ad51-1534-4acd-b24a-bd282596bca4}</UniqueIdentifier>
    </Filter>
    <Filter Include="ソース ファイル\Draw\Num">
      <UniqueIdentifier>{e5babd2f-19c6-4bf3-b867-bafe8f17b2ee}</UniqueIdentifier>
    </Filter>
    <Filter Include="ソース ファイル\Draw\Num\2D">
      <UniqueIdentifier>{568a4794-d977-48d3-bf38-396cbce5de00}</UniqueIdentifier>
    </Filter>
    <Filter Include="ソース ファイル\Enemy\Data">
      <UniqueIdentifier>{3ed405c1-0884-4696-95db-354d7da775b1}</UniqueIdentifier>
    </Filter>
    <Filter Include="ソース ファイル\Enemy\Data\Base&amp;Manager">
      <UniqueIdentifier>{a235a00e-8df5-4b97-bda1-b9fd9dd8e6d1}</UniqueIdentifier>
    </Filter>
    <Filter Include="ソース ファイル\Enemy\Data\Const">
      <UniqueIdentifier>{825a1040-0405-4ab4-9c2f-e7c5b5a1ee10}</UniqueIdentifier>
    </Filter>
    <Filter Include="ソース ファイル\Enemy\Data\No1">
      <UniqueIdentifier>{e70020db-fa2a-46bc-8013-511212434ba0}</UniqueIdentifier>
    </Filter>
    <Filter Include="ソース ファイル\Enemy\Data\No101">
      <UniqueIdentifier>{68cdb701-8e56-4b20-be61-d0b17f75c9a0}</UniqueIdentifier>
    </Filter>
    <Filter Include="ソース ファイル\Enemy\Data\No1\Ai">
      <UniqueIdentifier>{677231da-fa88-42e3-92a4-80150172d0af}</UniqueIdentifier>
    </Filter>
    <Filter Include="ソース ファイル\Enemy\Data\No1\Speed">
      <UniqueIdentifier>{df0244bd-1cb9-45b0-9537-30140c05ee06}</UniqueIdentifier>
    </Filter>
    <Filter Include="ソース ファイル\Enemy\Data\No1\GunMove">
      <UniqueIdentifier>{73eee286-ff9f-4218-9718-ca146e9eeb43}</UniqueIdentifier>
    </Filter>
    <Filter Include="ソース ファイル\Enemy\Data\No101\Ai">
      <UniqueIdentifier>{c04371de-921b-4bdd-93f0-e5513ec1a326}</UniqueIdentifier>
    </Filter>
    <Filter Include="ソース ファイル\Enemy\Data\No101\Speed">
      <UniqueIdentifier>{80c67773-0832-472d-8d4c-1a6f1ec1b9f7}</UniqueIdentifier>
    </Filter>
    <Filter Include="ソース ファイル\Draw\2D">
      <UniqueIdentifier>{3a188364-4f13-4ace-8eb9-5d28731fdbc7}</UniqueIdentifier>
    </Filter>
    <Filter Include="ソース ファイル\Draw\3D">
      <UniqueIdentifier>{c6819a80-70bc-4d8d-9b26-cfe46d3f5926}</UniqueIdentifier>
    </Filter>
    <Filter Include="ソース ファイル\Draw\2D\GameEnd">
      <UniqueIdentifier>{37f02dba-4c55-4e73-b6b9-a2e11be2f967}</UniqueIdentifier>
    </Filter>
    <Filter Include="ソース ファイル\Manager">
      <UniqueIdentifier>{2cab2a22-75ef-4d0c-9dd4-7a9553701070}</UniqueIdentifier>
    </Filter>
    <Filter Include="ソース ファイル\Manager\TextureManager">
      <UniqueIdentifier>{56131931-92b4-430b-807e-bb18e3afff14}</UniqueIdentifier>
    </Filter>
    <Filter Include="ソース ファイル\Manager\TextureManager\Bullet">
      <UniqueIdentifier>{4957bcba-7bd5-4c44-8362-e58e31a07b22}</UniqueIdentifier>
    </Filter>
    <Filter Include="ソース ファイル\Car\Data">
      <UniqueIdentifier>{dc474eaf-d9c2-4bec-bece-12218232dcf2}</UniqueIdentifier>
    </Filter>
    <Filter Include="ソース ファイル\Car\Data\BaseDataManager">
      <UniqueIdentifier>{f860c6c4-2efc-4ebb-aa7b-b719690328ef}</UniqueIdentifier>
    </Filter>
    <Filter Include="ソース ファイル\Car\Data\Draw3DManager">
      <UniqueIdentifier>{2662be1c-0675-4125-9e34-9d620978c498}</UniqueIdentifier>
    </Filter>
    <Filter Include="ソース ファイル\Draw\Effect">
      <UniqueIdentifier>{b25c6cdf-95ab-404d-8e5a-8f28849db7ee}</UniqueIdentifier>
    </Filter>
    <Filter Include="ソース ファイル\Draw\Menu">
      <UniqueIdentifier>{6b43b130-d882-47b0-acb2-3020937fa47d}</UniqueIdentifier>
    </Filter>
    <Filter Include="ソース ファイル\Draw\Menu\Button">
      <UniqueIdentifier>{6e6f7380-cccc-46b5-b991-16a63760e90d}</UniqueIdentifier>
    </Filter>
    <Filter Include="ソース ファイル\Draw\Effect\3D">
      <UniqueIdentifier>{6992103f-b6be-42e3-8edb-f1adb7b2e1ce}</UniqueIdentifier>
    </Filter>
    <Filter Include="ソース ファイル\Draw\Effect\Car">
      <UniqueIdentifier>{8dfce576-0cd1-41c4-a071-c7268343941e}</UniqueIdentifier>
    </Filter>
    <Filter Include="ソース ファイル\Draw\Effect\Gun">
      <UniqueIdentifier>{de0e30a9-d329-44c2-967e-ed02bba155b9}</UniqueIdentifier>
    </Filter>
    <Filter Include="ソース ファイル\Draw\Effect\3D\BulletHole">
      <UniqueIdentifier>{ea7937a3-4697-47cb-a34e-e2ad7bec63cd}</UniqueIdentifier>
    </Filter>
    <Filter Include="ソース ファイル\Draw\Effect\3D\Explosion">
      <UniqueIdentifier>{76ba0443-5eda-44ba-84d3-0995ff726296}</UniqueIdentifier>
    </Filter>
    <Filter Include="ソース ファイル\Draw\Effect\3D\Smoke">
      <UniqueIdentifier>{4c1a37b5-ef9c-4675-a398-9c687ea7f68f}</UniqueIdentifier>
    </Filter>
    <Filter Include="ソース ファイル\Draw\Effect\3D\Spark">
      <UniqueIdentifier>{3eb8c969-2759-47bb-a9ac-b0ef4406ac82}</UniqueIdentifier>
    </Filter>
    <Filter Include="ソース ファイル\Draw\Effect\Car\Smoke">
      <UniqueIdentifier>{49d5ad07-9db0-491a-a518-2719bd453fd3}</UniqueIdentifier>
    </Filter>
    <Filter Include="ソース ファイル\Draw\Effect\Gun\No1">
      <UniqueIdentifier>{98149d3f-d746-437a-9a75-0375688a188a}</UniqueIdentifier>
    </Filter>
    <Filter Include="ソース ファイル\Draw\Effect\Gun\No1\Shot">
      <UniqueIdentifier>{79ccfa6c-f27f-4150-b8ec-331e43357331}</UniqueIdentifier>
    </Filter>
    <Filter Include="ソース ファイル\Draw\StageParts">
      <UniqueIdentifier>{5fd4750a-92ef-49a5-a05b-f5644292abf4}</UniqueIdentifier>
    </Filter>
    <Filter Include="ソース ファイル\Draw\TitleParts">
      <UniqueIdentifier>{a28fc7f3-99f0-44a3-8784-e4d02ca65c31}</UniqueIdentifier>
    </Filter>
    <Filter Include="ソース ファイル\Draw\2D\Screen">
      <UniqueIdentifier>{799d03fd-9c70-44ca-a94a-da8e999caa0f}</UniqueIdentifier>
    </Filter>
    <Filter Include="ソース ファイル\Draw\3D\Ball">
      <UniqueIdentifier>{9423dcc6-c3d7-4646-aaea-ce79d8362b59}</UniqueIdentifier>
    </Filter>
    <Filter Include="ソース ファイル\Draw\Effect\Car\Ball">
      <UniqueIdentifier>{4c218c61-410a-4053-9afb-b13bdd6eb3bc}</UniqueIdentifier>
    </Filter>
  </ItemGroup>
  <ItemGroup>
    <ClInclude Include="h+cpp\GameSource\3DSound.h">
      <Filter>ソース ファイル\GameSource</Filter>
    </ClInclude>
    <ClInclude Include="h+cpp\GameSource\Calculation.h">
      <Filter>ソース ファイル\GameSource</Filter>
    </ClInclude>
    <ClInclude Include="h+cpp\GameSource\CharaBase.h">
      <Filter>ソース ファイル\GameSource</Filter>
    </ClInclude>
    <ClInclude Include="h+cpp\GameSource\Const.h">
      <Filter>ソース ファイル\GameSource</Filter>
    </ClInclude>
    <ClInclude Include="h+cpp\GameSource\Count.h">
      <Filter>ソース ファイル\GameSource</Filter>
    </ClInclude>
    <ClInclude Include="h+cpp\GameSource\Countdown.h">
      <Filter>ソース ファイル\GameSource</Filter>
    </ClInclude>
    <ClInclude Include="h+cpp\GameSource\Debug.h">
      <Filter>ソース ファイル\GameSource</Filter>
    </ClInclude>
    <ClInclude Include="h+cpp\GameSource\Draw3DState.h">
      <Filter>ソース ファイル\GameSource</Filter>
    </ClInclude>
    <ClInclude Include="h+cpp\GameSource\Enum.h">
      <Filter>ソース ファイル\GameSource</Filter>
    </ClInclude>
    <ClInclude Include="h+cpp\GameSource\Judgment.h">
      <Filter>ソース ファイル\GameSource</Filter>
    </ClInclude>
    <ClInclude Include="h+cpp\GameSource\Motion.h">
      <Filter>ソース ファイル\GameSource</Filter>
    </ClInclude>
    <ClInclude Include="h+cpp\GameSource\MoveCur.h">
      <Filter>ソース ファイル\GameSource</Filter>
    </ClInclude>
    <ClInclude Include="h+cpp\GameSource\PartsTrans.h">
      <Filter>ソース ファイル\GameSource</Filter>
    </ClInclude>
    <ClInclude Include="h+cpp\GameSource\SoundManager.h">
      <Filter>ソース ファイル\GameSource</Filter>
    </ClInclude>
    <ClInclude Include="h+cpp\GameSource\State.h">
      <Filter>ソース ファイル\GameSource</Filter>
    </ClInclude>
    <ClInclude Include="h+cpp\GameSource\Struct.h">
      <Filter>ソース ファイル\GameSource</Filter>
    </ClInclude>
    <ClInclude Include="h+cpp\GameSource\TexManagerBase.h">
      <Filter>ソース ファイル\GameSource</Filter>
    </ClInclude>
    <ClInclude Include="h+cpp\GameSource\wavread.h">
      <Filter>ソース ファイル\GameSource</Filter>
    </ClInclude>
    <ClInclude Include="h+cpp\Ground\Wall.h">
      <Filter>ソース ファイル\Ground</Filter>
    </ClInclude>
    <ClInclude Include="h+cpp\Ground\ground.h">
      <Filter>ソース ファイル\Ground</Filter>
    </ClInclude>
    <ClInclude Include="h+cpp\Ground\Sky.h">
      <Filter>ソース ファイル\Ground</Filter>
    </ClInclude>
    <ClInclude Include="h+cpp\Gun\GunDraw\NewGun\EnemyGun.h">
      <Filter>ソース ファイル\Gun\GunDraw\NewGun</Filter>
    </ClInclude>
    <ClInclude Include="h+cpp\Gun\GunDraw\NewGun\GunAllh.h">
      <Filter>ソース ファイル\Gun\GunDraw\NewGun</Filter>
    </ClInclude>
    <ClInclude Include="h+cpp\Gun\GunDraw\NewGun\GunBase2.h">
      <Filter>ソース ファイル\Gun\GunDraw\NewGun</Filter>
    </ClInclude>
    <ClInclude Include="h+cpp\Gun\GunDraw\NewGun\GunBullet.h">
      <Filter>ソース ファイル\Gun\GunDraw\NewGun</Filter>
    </ClInclude>
    <ClInclude Include="h+cpp\Gun\GunDraw\NewGun\GunLaser.h">
      <Filter>ソース ファイル\Gun\GunDraw\NewGun</Filter>
    </ClInclude>
    <ClInclude Include="h+cpp\Gun\Laser\LaserManager.h">
      <Filter>ソース ファイル\Gun\Laser</Filter>
    </ClInclude>
    <ClInclude Include="h+cpp\Gun\Laser\Laser.h">
      <Filter>ソース ファイル\Gun\Laser</Filter>
    </ClInclude>
    <ClInclude Include="h+cpp\Gun\Laser\LaserBase.h">
      <Filter>ソース ファイル\Gun\Laser</Filter>
    </ClInclude>
    <ClInclude Include="h+cpp\Gun\Laser\LaserBase2.h">
      <Filter>ソース ファイル\Gun\Laser</Filter>
    </ClInclude>
    <ClInclude Include="h+cpp\Gun\Laser\LaserDraw1.h">
      <Filter>ソース ファイル\Gun\Laser</Filter>
    </ClInclude>
    <ClInclude Include="h+cpp\Gun\Muz\MuzFlaPA.h">
      <Filter>ソース ファイル\Gun\Muz</Filter>
    </ClInclude>
    <ClInclude Include="h+cpp\Gun\Muz\MuzFlaBase.h">
      <Filter>ソース ファイル\Gun\Muz</Filter>
    </ClInclude>
    <ClInclude Include="h+cpp\Key\Key.h">
      <Filter>ソース ファイル\Key</Filter>
    </ClInclude>
    <ClInclude Include="h+cpp\Key\CMouse.h">
      <Filter>ソース ファイル\Key</Filter>
    </ClInclude>
    <ClInclude Include="h+cpp\Move\GunMove\GunMove.h">
      <Filter>ソース ファイル\Move\GunMove</Filter>
    </ClInclude>
    <ClInclude Include="h+cpp\Move\GunMove\GunBulletA.h">
      <Filter>ソース ファイル\Move\GunMove</Filter>
    </ClInclude>
    <ClInclude Include="h+cpp\Move\GunMove\GunBulletStopA.h">
      <Filter>ソース ファイル\Move\GunMove</Filter>
    </ClInclude>
    <ClInclude Include="h+cpp\Move\GunMove\GunLockonA.h">
      <Filter>ソース ファイル\Move\GunMove</Filter>
    </ClInclude>
    <ClInclude Include="h+cpp\Scene\GameScene.h">
      <Filter>ソース ファイル\Scene</Filter>
    </ClInclude>
    <ClInclude Include="h+cpp\Scene\SceneBase.h">
      <Filter>ソース ファイル\Scene</Filter>
    </ClInclude>
    <ClInclude Include="h+cpp\Scene\SceneManager.h">
      <Filter>ソース ファイル\Scene</Filter>
    </ClInclude>
    <ClInclude Include="h+cpp\Scene\StageSelectScene.h">
      <Filter>ソース ファイル\Scene</Filter>
    </ClInclude>
    <ClInclude Include="h+cpp\Scene\TitleScene.h">
      <Filter>ソース ファイル\Scene</Filter>
    </ClInclude>
    <ClInclude Include="h+cpp\Sound\BulletEmpty1.h">
      <Filter>ソース ファイル\Sound</Filter>
    </ClInclude>
    <ClInclude Include="h+cpp\Key\KeyTrue.h">
      <Filter>ソース ファイル\Key</Filter>
    </ClInclude>
    <ClInclude Include="h+cpp\Draw\DrawBase\DrawBase.h">
      <Filter>ソース ファイル\Draw\DrawBase</Filter>
    </ClInclude>
    <ClInclude Include="h+cpp\Draw\DrawBase\DrawBase_Mat.h">
      <Filter>ソース ファイル\Draw\DrawBase</Filter>
    </ClInclude>
    <ClInclude Include="h+cpp\GameSource\MatBase\MatBase.h">
      <Filter>ソース ファイル\GameSource\Mat</Filter>
    </ClInclude>
    <ClInclude Include="h+cpp\GameSource\MatBase\RotMatBase.h">
      <Filter>ソース ファイル\GameSource\Mat</Filter>
    </ClInclude>
    <ClInclude Include="h+cpp\Draw\DrawBase\Polygon\PolygonBase.h">
      <Filter>ソース ファイル\Draw\DrawBase\Polygon</Filter>
    </ClInclude>
    <ClInclude Include="h+cpp\Draw\DrawBase\TextureBase.h">
      <Filter>ソース ファイル\Draw\DrawBase</Filter>
    </ClInclude>
    <ClInclude Include="h+cpp\Draw\DrawBase\Polygon\PolMat\PolMatBase.h">
      <Filter>ソース ファイル\Draw\DrawBase\Polygon\PolMat</Filter>
    </ClInclude>
    <ClInclude Include="h+cpp\Draw\DrawBase\Polygon\PolMat\PolMat_Draw\Bullet_PolMat.h">
      <Filter>ソース ファイル\Draw\DrawBase\Polygon\PolMat\Draw</Filter>
    </ClInclude>
    <ClInclude Include="h+cpp\GameSource\GetSet\Int_GetSet.h">
      <Filter>ソース ファイル\GameSource\GetSet</Filter>
    </ClInclude>
    <ClInclude Include="h+cpp\GameSource\GetSet\float_GetSet.h">
      <Filter>ソース ファイル\GameSource\GetSet</Filter>
    </ClInclude>
    <ClInclude Include="h+cpp\Draw\DrawBase\MeshBase.h">
      <Filter>ソース ファイル\Draw\DrawBase</Filter>
    </ClInclude>
    <ClInclude Include="h+cpp\Draw\DrawBase\Mesh_Draw\Bullet_Mesh.h">
      <Filter>ソース ファイル\Draw\DrawBase\Mesh_Draw</Filter>
    </ClInclude>
    <ClInclude Include="h+cpp\Draw\DrawBase\Mesh_Draw\MeshDraw_1.h">
      <Filter>ソース ファイル\Draw\DrawBase\Mesh_Draw</Filter>
    </ClInclude>
    <ClInclude Include="h+cpp\Draw\DrawBase\Mesh_Draw\MeshDraw1_1\MeshDraw1_1.h">
      <Filter>ソース ファイル\Draw\DrawBase\Mesh_Draw\Mesh_1_1</Filter>
    </ClInclude>
    <ClInclude Include="h+cpp\Draw\DrawBase\Mesh_Draw\MeshDraw1_1\MeshSet1_1\MeshSetNo_1_1.h">
      <Filter>ソース ファイル\Draw\DrawBase\Mesh_Draw\Mesh_1_1\MeshSet1_1</Filter>
    </ClInclude>
    <ClInclude Include="h+cpp\Gun\GunDraw\GunMove\GunMoveBase_A.h">
      <Filter>ソース ファイル\Gun\GunDraw\GunMove</Filter>
    </ClInclude>
    <ClInclude Include="h+cpp\Gun\GunDraw\GunMove\GunManual_1_1.h">
      <Filter>ソース ファイル\Gun\GunDraw\GunMove</Filter>
    </ClInclude>
    <ClInclude Include="h+cpp\Draw\DrawBase\Mesh_Draw\MeshDraw1_1\MeshSet2_1\MeshSet2_1.h">
      <Filter>ソース ファイル\Draw\DrawBase\Mesh_Draw\Mesh_1_1\MeshSet2-1</Filter>
    </ClInclude>
    <ClInclude Include="h+cpp\Draw\DrawBase\Mesh_Draw\MeshDraw_1_Manager.h">
      <Filter>ソース ファイル\Draw\DrawBase\Mesh_Draw</Filter>
    </ClInclude>
    <ClInclude Include="h+cpp\Gun\GunDraw\GunMove\GunStopMove_1.h">
      <Filter>ソース ファイル\Gun\GunDraw\GunMove</Filter>
    </ClInclude>
    <ClInclude Include="h+cpp\Gun\GunDraw\GunMove\GunMove_Manager_Base.h">
      <Filter>ソース ファイル\Gun\GunDraw\GunMove</Filter>
    </ClInclude>
    <ClInclude Include="h+cpp\Gun\GunDraw\GunMove\GunMove_A_Manager_1.h">
      <Filter>ソース ファイル\Gun\GunDraw\GunMove</Filter>
    </ClInclude>
    <ClInclude Include="h+cpp\Draw\DrawBase2\Draw3D_Base2.h">
      <Filter>ソース ファイル\Draw\DrawBase2</Filter>
    </ClInclude>
    <ClInclude Include="h+cpp\Draw\DrawBase2\Draw_Pol_A.h">
      <Filter>ソース ファイル\Draw\DrawBase2</Filter>
    </ClInclude>
    <ClInclude Include="h+cpp\Draw\DrawBase2\Draw_PolMat_A.h">
      <Filter>ソース ファイル\Draw\DrawBase2</Filter>
    </ClInclude>
    <ClInclude Include="h+cpp\Draw\DrawBase2\Draw_Mesh_Base_A.h">
      <Filter>ソース ファイル\Draw\DrawBase2</Filter>
    </ClInclude>
    <ClInclude Include="h+cpp\Draw\DrawBase2\DrawPolMat\PolMat_Bullet_No1.h">
      <Filter>ソース ファイル\Draw\DrawBase2\DrawPolMat</Filter>
    </ClInclude>
    <ClInclude Include="h+cpp\Gun\GunDraw\GunParts\PartsDraw.h">
      <Filter>ソース ファイル\Gun\GunDraw\GunParts</Filter>
    </ClInclude>
    <ClInclude Include="h+cpp\Gun\GunDraw\GunParts\GunPartsDraw.h">
      <Filter>ソース ファイル\Gun\GunDraw\GunParts</Filter>
    </ClInclude>
    <ClInclude Include="h+cpp\Gun\Bullet\BulletBase\Bullet_Base.h">
      <Filter>ソース ファイル\Gun\Bullet\BulletBase</Filter>
    </ClInclude>
    <ClInclude Include="h+cpp\Gun\GunDraw\GunParts\Gun_Parts_Category.h">
      <Filter>ソース ファイル\Gun\GunDraw\GunParts</Filter>
    </ClInclude>
    <ClInclude Include="h+cpp\Gun\GunDraw\Gun_Trigger\Gun_Trigger_Base.h">
      <Filter>ソース ファイル\Gun\GunDraw\Gun_Trigger</Filter>
    </ClInclude>
    <ClInclude Include="h+cpp\Gun\GunDraw\Gun_Trigger\Gun_Trigger_1.h">
      <Filter>ソース ファイル\Gun\GunDraw\Gun_Trigger</Filter>
    </ClInclude>
    <ClInclude Include="h+cpp\Gun\GunDraw\Gun_Trigger\Gun_Trigger_2.h">
      <Filter>ソース ファイル\Gun\GunDraw\Gun_Trigger</Filter>
    </ClInclude>
    <ClInclude Include="h+cpp\Gun\GunDraw\Gun_Type\Gun_Gatling_1.h">
      <Filter>ソース ファイル\Gun\GunDraw\Gun_Type</Filter>
    </ClInclude>
    <ClInclude Include="h+cpp\Draw\Tire\Car_Tire_No1.h">
      <Filter>ソース ファイル\Draw\Tire</Filter>
    </ClInclude>
    <ClInclude Include="h+cpp\Draw\Stand\Stand_No1.h">
      <Filter>ソース ファイル\Draw\Stand</Filter>
    </ClInclude>
    <ClInclude Include="h+cpp\Move\Parts\Move_Parts_Base.h">
      <Filter>ソース ファイル\Move\PartsMove</Filter>
    </ClInclude>
    <ClInclude Include="h+cpp\Move\Parts\TireMove_No1.h">
      <Filter>ソース ファイル\Move\PartsMove</Filter>
    </ClInclude>
    <ClInclude Include="h+cpp\Move\Parts\StopMove.h">
      <Filter>ソース ファイル\Move\PartsMove</Filter>
    </ClInclude>
    <ClInclude Include="h+cpp\Draw\Tire\Tire_DrawManager.h">
      <Filter>ソース ファイル\Draw\Tire</Filter>
    </ClInclude>
    <ClInclude Include="h+cpp\Draw\Tire\Tire_No101.h">
      <Filter>ソース ファイル\Draw\Tire</Filter>
    </ClInclude>
    <ClInclude Include="h+cpp\Gun\GunDraw\Gun_Draw_Manager.h">
      <Filter>ソース ファイル\Gun\GunDraw</Filter>
    </ClInclude>
    <ClInclude Include="h+cpp\Move\GunMove\Auto\Departure_A.h">
      <Filter>ソース ファイル\Move\GunMove\Auto</Filter>
    </ClInclude>
    <ClInclude Include="h+cpp\Move\GunMove\Auto\Departure_Gun_Auto_Base.h">
      <Filter>ソース ファイル\Move\GunMove\Auto</Filter>
    </ClInclude>
    <ClInclude Include="h+cpp\Move\GunMove\Auto\Departure_B.h">
      <Filter>ソース ファイル\Move\GunMove\Auto</Filter>
    </ClInclude>
    <ClInclude Include="h+cpp\Draw\Tire\Tire_No201.h">
      <Filter>ソース ファイル\Draw\Tire</Filter>
    </ClInclude>
    <ClInclude Include="h+cpp\Draw\Door\Door_No1.h">
      <Filter>ソース ファイル\Draw\Door</Filter>
    </ClInclude>
    <ClInclude Include="h+cpp\Draw\Door\Door_DrawManager.h">
      <Filter>ソース ファイル\Draw\Door</Filter>
    </ClInclude>
    <ClInclude Include="h+cpp\Move\Parts\Door_Move_1.h">
      <Filter>ソース ファイル\Move\PartsMove</Filter>
    </ClInclude>
    <ClInclude Include="h+cpp\GameSource\StructClass\Parts_Set_Data.h">
      <Filter>ソース ファイル\GameSource\StructClass</Filter>
    </ClInclude>
    <ClInclude Include="h+cpp\Draw\Stand\Stand_No0.h">
      <Filter>ソース ファイル\Draw\Stand</Filter>
    </ClInclude>
    <ClInclude Include="h+cpp\Draw\Stand\Stand_DrawManager.h">
      <Filter>ソース ファイル\Draw\Stand</Filter>
    </ClInclude>
    <ClInclude Include="h+cpp\Gun\GunDraw\Gun_Type\Gun_No201.h">
      <Filter>ソース ファイル\Gun\GunDraw\Gun_Type</Filter>
    </ClInclude>
    <ClInclude Include="h+cpp\Gun\GunDraw\NewGun\Gun_Init.h">
      <Filter>ソース ファイル\Gun\GunDraw\NewGun</Filter>
    </ClInclude>
    <ClInclude Include="h+cpp\Draw\Polygon\Polygon_Judg.h">
      <Filter>ソース ファイル\Draw\Polygon</Filter>
    </ClInclude>
    <ClInclude Include="h+cpp\Gun\GunDraw\Gun_Type\Gun_No101.h">
      <Filter>ソース ファイル\Gun\GunDraw\Gun_Type</Filter>
    </ClInclude>
    <ClInclude Include="h+cpp\Draw\Stand\Stand_No101.h">
      <Filter>ソース ファイル\Draw\Stand</Filter>
    </ClInclude>
    <ClInclude Include="h+cpp\GameSource\StructClass\Parts_Set_Size.h">
      <Filter>ソース ファイル\GameSource\StructClass</Filter>
    </ClInclude>
    <ClInclude Include="h+cpp\Draw\Bullet\Bullet_No1.h">
      <Filter>ソース ファイル\Draw\Bullet</Filter>
    </ClInclude>
    <ClInclude Include="h+cpp\Draw\Bullet\Bullet_DrawManager.h">
      <Filter>ソース ファイル\Draw\Bullet</Filter>
    </ClInclude>
    <ClInclude Include="h+cpp\Draw\Bullet\Bullet_No2.h">
      <Filter>ソース ファイル\Draw\Bullet</Filter>
    </ClInclude>
    <ClInclude Include="h+cpp\Draw\Judg\Car_Parts_Judg_Mesh.h">
      <Filter>ソース ファイル\Draw\Judg</Filter>
    </ClInclude>
    <ClInclude Include="h+cpp\Draw\DrawBase2\Draw_Ball_A.h">
      <Filter>ソース ファイル\Draw\DrawBase2</Filter>
    </ClInclude>
    <ClInclude Include="h+cpp\Draw\Judg\Car_Parts_Judg_Ball.h">
      <Filter>ソース ファイル\Draw\Judg</Filter>
    </ClInclude>
    <ClInclude Include="h+cpp\Enemy\EnemyA.h">
      <Filter>ソース ファイル\Enemy</Filter>
    </ClInclude>
    <ClInclude Include="h+cpp\Enemy\EnemyAi.h">
      <Filter>ソース ファイル\Enemy</Filter>
    </ClInclude>
    <ClInclude Include="h+cpp\Enemy\EnemyBase.h">
      <Filter>ソース ファイル\Enemy</Filter>
    </ClInclude>
    <ClInclude Include="h+cpp\Enemy\EnemyNoConst.h">
      <Filter>ソース ファイル\Enemy</Filter>
    </ClInclude>
    <ClInclude Include="h+cpp\Enemy\EnemySelect.h">
      <Filter>ソース ファイル\Enemy</Filter>
    </ClInclude>
    <ClInclude Include="h+cpp\Enemy\Vector.h">
      <Filter>ソース ファイル\Enemy</Filter>
    </ClInclude>
    <ClInclude Include="h+cpp\Player\Aiming.h">
      <Filter>ソース ファイル\Player</Filter>
    </ClInclude>
    <ClInclude Include="h+cpp\Player\Camera.h">
      <Filter>ソース ファイル\Player</Filter>
    </ClInclude>
    <ClInclude Include="h+cpp\Player\PlayerA.h">
      <Filter>ソース ファイル\Player</Filter>
    </ClInclude>
    <ClInclude Include="h+cpp\Player\PlayerBase.h">
      <Filter>ソース ファイル\Player</Filter>
    </ClInclude>
    <ClInclude Include="h+cpp\Player\PlayerBody.h">
      <Filter>ソース ファイル\Player</Filter>
    </ClInclude>
    <ClInclude Include="h+cpp\Draw\DrawBase2\New_Draw\Draw3D_Base2_New.h">
      <Filter>ソース ファイル\Draw\DrawBase2\New_Draw</Filter>
    </ClInclude>
    <ClInclude Include="h+cpp\Draw\DrawBase2\New_Draw\Draw3D_Base2_vector.h">
      <Filter>ソース ファイル\Draw\DrawBase2\New_Draw</Filter>
    </ClInclude>
    <ClInclude Include="h+cpp\Stage_Data\Stage_1\Stage_No1_1.h">
      <Filter>ソース ファイル\Stage_Data\Stage_1</Filter>
    </ClInclude>
    <ClInclude Include="h+cpp\Stage_Data\Car_Pop\Car_Pop_Base.h">
      <Filter>ソース ファイル\Stage_Data\Car_Pop</Filter>
    </ClInclude>
    <ClInclude Include="h+cpp\Stage_Data\Car_Pop\Car_Pop_Data.h">
      <Filter>ソース ファイル\Stage_Data\Car_Pop</Filter>
    </ClInclude>
    <ClInclude Include="h+cpp\Stage_Data\Car_Pop\Car_Pop_Manager.h">
      <Filter>ソース ファイル\Stage_Data\Car_Pop</Filter>
    </ClInclude>
    <ClInclude Include="h+cpp\Stage_Data\Car_Pop\Car_Pop_New.h">
      <Filter>ソース ファイル\Stage_Data\Car_Pop</Filter>
    </ClInclude>
    <ClInclude Include="h+cpp\Stage_Data\Stage_1\Stage_No1_2.h">
      <Filter>ソース ファイル\Stage_Data\Stage_1</Filter>
    </ClInclude>
    <ClInclude Include="h+cpp\Ground\Stage_Ground\Ground_Pop_Data.h">
      <Filter>ソース ファイル\Ground\Stage_Ground</Filter>
    </ClInclude>
    <ClInclude Include="h+cpp\Ground\Stage_Ground\Ground_Pop_Base.h">
      <Filter>ソース ファイル\Ground\Stage_Ground</Filter>
    </ClInclude>
    <ClInclude Include="h+cpp\GameSource\StructClass\Struct_Init.h">
      <Filter>ソース ファイル\GameSource\StructClass</Filter>
    </ClInclude>
    <ClInclude Include="h+cpp\Ground\Stage_Ground\Ground_Pop_New.h">
      <Filter>ソース ファイル\Ground\Stage_Ground</Filter>
    </ClInclude>
    <ClInclude Include="h+cpp\Ground\Stage_Ground\Ground_Type\Ground_Type_1.h">
      <Filter>ソース ファイル\Ground\Stage_Ground\Ground_Type</Filter>
    </ClInclude>
    <ClInclude Include="h+cpp\Stage_Data\Car_Pop\Car_Pop_Update_1.h">
      <Filter>ソース ファイル\Stage_Data\Car_Pop</Filter>
    </ClInclude>
    <ClInclude Include="h+cpp\Stage_Data\Car_Pop\Car_Pop_Update_2.h">
      <Filter>ソース ファイル\Stage_Data\Car_Pop</Filter>
    </ClInclude>
    <ClInclude Include="h+cpp\Ground\Stage_Ground\Ground_Pop_Manager.h">
      <Filter>ソース ファイル\Ground\Stage_Ground</Filter>
    </ClInclude>
    <ClInclude Include="h+cpp\Ground\Stage_Ground\Ground_Type\Ground_Type_0.h">
      <Filter>ソース ファイル\Ground\Stage_Ground\Ground_Type</Filter>
    </ClInclude>
    <ClInclude Include="h+cpp\Stage_Data\Stage_1\Stage_No1_3.h">
      <Filter>ソース ファイル\Stage_Data\Stage_1</Filter>
    </ClInclude>
    <ClInclude Include="h+cpp\Sound\vector\Sound_Data_Base.h">
      <Filter>ソース ファイル\Sound\vector</Filter>
    </ClInclude>
    <ClInclude Include="h+cpp\Sound\vector\Sound_Data_Vector.h">
      <Filter>ソース ファイル\Sound\vector</Filter>
    </ClInclude>
    <ClInclude Include="h+cpp\Gun\Bullet\Const_Bullet_No.h">
      <Filter>ソース ファイル\Gun\Bullet</Filter>
    </ClInclude>
    <ClInclude Include="h+cpp\Sound\SE\Sound_2D_Gun_1.h">
      <Filter>ソース ファイル\Sound\SE</Filter>
    </ClInclude>
    <ClInclude Include="h+cpp\Sound\Base\Sound_Base_2D.h">
      <Filter>ソース ファイル\Sound\Base</Filter>
    </ClInclude>
    <ClInclude Include="h+cpp\Draw\Bullet\Bullet_No99.h">
      <Filter>ソース ファイル\Draw\Bullet</Filter>
    </ClInclude>
    <ClInclude Include="h+cpp\Sound\BGM\Sound_BGM_Base.h">
      <Filter>ソース ファイル\Sound\BGM</Filter>
    </ClInclude>
    <ClInclude Include="h+cpp\Sound\BGM\Sound_BGM_Manager.h">
      <Filter>ソース ファイル\Sound\BGM</Filter>
    </ClInclude>
    <ClInclude Include="h+cpp\Stage_Data\Stage_D1\Stage_D1_1.h">
      <Filter>ソース ファイル\Stage_Data\Stage_D1</Filter>
    </ClInclude>
    <ClInclude Include="h+cpp\Stage_Data\Stage_D1\Stage_D1_2.h">
      <Filter>ソース ファイル\Stage_Data\Stage_D1</Filter>
    </ClInclude>
    <ClInclude Include="h+cpp\Sound\SE\Warning\Sound_Warning_Base.h">
      <Filter>ソース ファイル\Sound\SE\Warning</Filter>
    </ClInclude>
    <ClInclude Include="h+cpp\Sound\SE\Warning\Sound_Warning_Manager.h">
      <Filter>ソース ファイル\Sound\SE\Warning</Filter>
    </ClInclude>
    <ClInclude Include="h+cpp\Sound\SE\Click\Sound_Click_Base.h">
      <Filter>ソース ファイル\Sound\SE\Click</Filter>
    </ClInclude>
    <ClInclude Include="h+cpp\Sound\SE\Click\Sound_Click_Manager.h">
      <Filter>ソース ファイル\Sound\SE\Click</Filter>
    </ClInclude>
    <ClInclude Include="h+cpp\Sound\Base\Sound_Base_3D.h">
      <Filter>ソース ファイル\Sound\Base</Filter>
    </ClInclude>
    <ClInclude Include="h+cpp\Sound\SE\SE_Manager\Sound_Explosion_Manager.h">
      <Filter>ソース ファイル\Sound\SE\Manager</Filter>
    </ClInclude>
    <ClInclude Include="h+cpp\Draw\Damage_Num\Damage_Num_Base.h">
      <Filter>ソース ファイル\Draw\Damage_Num</Filter>
    </ClInclude>
    <ClInclude Include="h+cpp\Draw\Damage_Num\Damage_Move_A.h">
      <Filter>ソース ファイル\Draw\Damage_Num</Filter>
    </ClInclude>
    <ClInclude Include="h+cpp\Draw\Damage_Num\Damage_Move_B.h">
      <Filter>ソース ファイル\Draw\Damage_Num</Filter>
    </ClInclude>
    <ClInclude Include="h+cpp\Move\Speed\Speed_Dead_A.h">
      <Filter>ソース ファイル\Move\Speed</Filter>
    </ClInclude>
    <ClInclude Include="h+cpp\Draw\Screen_2D\Screen_2D.h">
      <Filter>ソース ファイル\Draw\Screen_2D</Filter>
    </ClInclude>
    <ClInclude Include="h+cpp\Ground\Ground_Object.h">
      <Filter>ソース ファイル\Ground</Filter>
    </ClInclude>
    <ClInclude Include="h+cpp\Ground\Ground_Object_Parts\Object_Base.h">
      <Filter>ソース ファイル\Ground\Ground_Object_Parts</Filter>
    </ClInclude>
    <ClInclude Include="h+cpp\Ground\Ground_Object_Parts\Bill_Object_1.h">
      <Filter>ソース ファイル\Ground\Ground_Object_Parts</Filter>
    </ClInclude>
    <ClInclude Include="h+cpp\Ground\Ground_Object_Parts\Light_Object_1.h">
      <Filter>ソース ファイル\Ground\Ground_Object_Parts</Filter>
    </ClInclude>
    <ClInclude Include="h+cpp\Ground\Ground_Object_Parts\Light_Object_1_R.h">
      <Filter>ソース ファイル\Ground\Ground_Object_Parts</Filter>
    </ClInclude>
    <ClInclude Include="h+cpp\GameSource\Text_Num.h">
      <Filter>ソース ファイル\GameSource</Filter>
    </ClInclude>
    <ClInclude Include="h+cpp\Const\Const_Damage.h">
      <Filter>ソース ファイル\Const</Filter>
    </ClInclude>
    <ClInclude Include="h+cpp\Const\Const_Draw_Judg.h">
      <Filter>ソース ファイル\Const</Filter>
    </ClInclude>
    <ClInclude Include="h+cpp\Const\Const_Ground_Type.h">
      <Filter>ソース ファイル\Const</Filter>
    </ClInclude>
    <ClInclude Include="h+cpp\Const\Const_PartsTypeNo.h">
      <Filter>ソース ファイル\Const</Filter>
    </ClInclude>
    <ClInclude Include="h+cpp\Const\Const_Rail_Type.h">
      <Filter>ソース ファイル\Const</Filter>
    </ClInclude>
    <ClInclude Include="h+cpp\Const\Const_Sound_Type.h">
      <Filter>ソース ファイル\Const</Filter>
    </ClInclude>
    <ClInclude Include="h+cpp\Const\Const_Stage_Type.h">
      <Filter>ソース ファイル\Const</Filter>
    </ClInclude>
    <ClInclude Include="h+cpp\Const\DrawMeshNo.h">
      <Filter>ソース ファイル\Const</Filter>
    </ClInclude>
    <ClInclude Include="h+cpp\Sound\SE\Bullet_Hit\Sound_2D_Bullet_Hit.h">
      <Filter>ソース ファイル\Sound\SE\Bullet_Hit</Filter>
    </ClInclude>
    <ClInclude Include="h+cpp\Sound\SE\Bullet_Hit\Sound_Bullet_Hit_Manager.h">
      <Filter>ソース ファイル\Sound\SE\Bullet_Hit</Filter>
    </ClInclude>
    <ClInclude Include="h+cpp\Move\Speed\Speed_Stop_A.h">
      <Filter>ソース ファイル\Move\Speed</Filter>
    </ClInclude>
    <ClInclude Include="h+cpp\Const\Const_Wave_Type.h">
      <Filter>ソース ファイル\Const</Filter>
    </ClInclude>
    <ClInclude Include="h+cpp\Fade\Fade.h">
      <Filter>ソース ファイル\Fade</Filter>
    </ClInclude>
    <ClInclude Include="h+cpp\Fade\FadeIn.h">
      <Filter>ソース ファイル\Fade</Filter>
    </ClInclude>
    <ClInclude Include="h+cpp\Fade\FadeMove.h">
      <Filter>ソース ファイル\Fade</Filter>
    </ClInclude>
    <ClInclude Include="h+cpp\Fade\FadeOut.h">
      <Filter>ソース ファイル\Fade</Filter>
    </ClInclude>
    <ClInclude Include="h+cpp\Fade\FadeDraw.h">
      <Filter>ソース ファイル\Fade</Filter>
    </ClInclude>
    <ClInclude Include="h+cpp\Scene\SceneNo.h">
      <Filter>ソース ファイル\Scene</Filter>
    </ClInclude>
    <ClInclude Include="h+cpp\GameSource\Option\Option.h">
      <Filter>ソース ファイル\GameSource\Option</Filter>
    </ClInclude>
    <ClInclude Include="h+cpp\Car\Parts\Car_Parts_Base.h">
      <Filter>ソース ファイル\Car\Parts</Filter>
    </ClInclude>
    <ClInclude Include="h+cpp\Car\Parts\Car_Parts_Joint.h">
      <Filter>ソース ファイル\Car\Parts</Filter>
    </ClInclude>
    <ClInclude Include="h+cpp\Car\Parts\PartsBase.h">
      <Filter>ソース ファイル\Car\Parts</Filter>
    </ClInclude>
    <ClInclude Include="h+cpp\Car\CarBase.h">
      <Filter>ソース ファイル\Car</Filter>
    </ClInclude>
    <ClInclude Include="h+cpp\Car\CarBulletManager.h">
      <Filter>ソース ファイル\Car</Filter>
    </ClInclude>
    <ClInclude Include="h+cpp\Car\CarGun.h">
      <Filter>ソース ファイル\Car</Filter>
    </ClInclude>
    <ClInclude Include="h+cpp\Car\CarParts.h">
      <Filter>ソース ファイル\Car</Filter>
    </ClInclude>
    <ClInclude Include="h+cpp\Car\CarEffect.h">
      <Filter>ソース ファイル\Car</Filter>
    </ClInclude>
    <ClInclude Include="h+cpp\MaterialManager\TextureManager.h">
      <Filter>ソース ファイル\MaterialManager</Filter>
    </ClInclude>
    <ClInclude Include="h+cpp\MaterialManager\XFileManager.h">
      <Filter>ソース ファイル\MaterialManager</Filter>
    </ClInclude>
    <ClInclude Include="h+cpp\Move\Speed\SpeedDeadStop.h">
      <Filter>ソース ファイル\Move\Speed</Filter>
    </ClInclude>
    <ClInclude Include="h+cpp\Draw\Hp\HpbarDraw.h">
      <Filter>ソース ファイル\Draw\Hp</Filter>
    </ClInclude>
    <ClInclude Include="h+cpp\Sound\GameSoundManager.h">
      <Filter>ソース ファイル\Sound</Filter>
    </ClInclude>
    <ClInclude Include="h+cpp\Ground\GroundManager.h">
      <Filter>ソース ファイル\Ground</Filter>
    </ClInclude>
    <ClInclude Include="h+cpp\Draw\Hp\HpbarBase.h">
      <Filter>ソース ファイル\Draw\Hp</Filter>
    </ClInclude>
    <ClInclude Include="h+cpp\Draw\Hp\Hpbar2D.h">
      <Filter>ソース ファイル\Draw\Hp</Filter>
    </ClInclude>
    <ClInclude Include="h+cpp\Draw\Hp\Hpbar3D.h">
      <Filter>ソース ファイル\Draw\Hp</Filter>
    </ClInclude>
    <ClInclude Include="h+cpp\Draw\Hp\Enemy\Hpbar2DEnemy.h">
      <Filter>ソース ファイル\Draw\Hp\Enemy</Filter>
    </ClInclude>
    <ClInclude Include="h+cpp\Draw\Hp\Player\Hpbar2DPlayer.h">
      <Filter>ソース ファイル\Draw\Hp\Player</Filter>
    </ClInclude>
    <ClInclude Include="h+cpp\Draw\Hp\Enemy\Hpbar3DEnemy.h">
      <Filter>ソース ファイル\Draw\Hp\Enemy</Filter>
    </ClInclude>
    <ClInclude Include="h+cpp\Draw\Num\2D\Num2DA.h">
      <Filter>ソース ファイル\Draw\Num\2D</Filter>
    </ClInclude>
    <ClInclude Include="h+cpp\Draw\Num\2D\Num2DBase.h">
      <Filter>ソース ファイル\Draw\Num\2D</Filter>
    </ClInclude>
    <ClInclude Include="h+cpp\Draw\Num\2D\NumA.h">
      <Filter>ソース ファイル\Draw\Num\2D</Filter>
    </ClInclude>
    <ClInclude Include="h+cpp\Enemy\Data\Base&amp;Manager\Enemy_Gun_Move_Base.h">
      <Filter>ソース ファイル\Enemy\Data\Base&amp;Manager</Filter>
    </ClInclude>
    <ClInclude Include="h+cpp\Enemy\Data\Base&amp;Manager\Enemy_Manager.h">
      <Filter>ソース ファイル\Enemy\Data\Base&amp;Manager</Filter>
    </ClInclude>
    <ClInclude Include="h+cpp\Enemy\Data\Base&amp;Manager\EnemyAiPhaseBase.h">
      <Filter>ソース ファイル\Enemy\Data\Base&amp;Manager</Filter>
    </ClInclude>
    <ClInclude Include="h+cpp\Enemy\Data\Base&amp;Manager\EnemyDataNoConst.h">
      <Filter>ソース ファイル\Enemy\Data\Base&amp;Manager</Filter>
    </ClInclude>
    <ClInclude Include="h+cpp\Enemy\Data\Base&amp;Manager\EnemySpeed.h">
      <Filter>ソース ファイル\Enemy\Data\Base&amp;Manager</Filter>
    </ClInclude>
    <ClInclude Include="h+cpp\Enemy\Data\Base&amp;Manager\EnemySpeedManager.h">
      <Filter>ソース ファイル\Enemy\Data\Base&amp;Manager</Filter>
    </ClInclude>
    <ClInclude Include="h+cpp\Enemy\Data\Const\PhaseConst.h">
      <Filter>ソース ファイル\Enemy\Data\Const</Filter>
    </ClInclude>
    <ClInclude Include="h+cpp\Enemy\Data\No1\Enemy_No1.h">
      <Filter>ソース ファイル\Enemy\Data\No1</Filter>
    </ClInclude>
    <ClInclude Include="h+cpp\Enemy\Data\No1\Ai\Enemy_No1_Phase0.h">
      <Filter>ソース ファイル\Enemy\Data\No1\Ai</Filter>
    </ClInclude>
    <ClInclude Include="h+cpp\Enemy\Data\No1\Ai\ENo1_AiPhase.h">
      <Filter>ソース ファイル\Enemy\Data\No1\Ai</Filter>
    </ClInclude>
    <ClInclude Include="h+cpp\Enemy\Data\No1\GunMove\Ene_1_Gun_1_Stop.h">
      <Filter>ソース ファイル\Enemy\Data\No1\GunMove</Filter>
    </ClInclude>
    <ClInclude Include="h+cpp\Enemy\Data\No1\GunMove\Enemy_No1_Gun_1_Lockon.h">
      <Filter>ソース ファイル\Enemy\Data\No1\GunMove</Filter>
    </ClInclude>
    <ClInclude Include="h+cpp\Enemy\Data\No1\GunMove\Enemy_No1_Gun_1_Shot.h">
      <Filter>ソース ファイル\Enemy\Data\No1\GunMove</Filter>
    </ClInclude>
    <ClInclude Include="h+cpp\Enemy\Data\No1\GunMove\Enemy_No1_Gun1_Re.h">
      <Filter>ソース ファイル\Enemy\Data\No1\GunMove</Filter>
    </ClInclude>
    <ClInclude Include="h+cpp\Enemy\Data\No1\Speed\SpeedDown.h">
      <Filter>ソース ファイル\Enemy\Data\No1\Speed</Filter>
    </ClInclude>
    <ClInclude Include="h+cpp\Enemy\Data\No1\Speed\SpeedUp.h">
      <Filter>ソース ファイル\Enemy\Data\No1\Speed</Filter>
    </ClInclude>
    <ClInclude Include="h+cpp\Enemy\Data\No101\Enemy_No101.h">
      <Filter>ソース ファイル\Enemy\Data\No101</Filter>
    </ClInclude>
    <ClInclude Include="h+cpp\Enemy\Data\No101\Ai\E_101_Phase_0.h">
      <Filter>ソース ファイル\Enemy\Data\No101\Ai</Filter>
    </ClInclude>
    <ClInclude Include="h+cpp\Enemy\Data\No101\Ai\Ene_101_Pha_2.h">
      <Filter>ソース ファイル\Enemy\Data\No101\Ai</Filter>
    </ClInclude>
    <ClInclude Include="h+cpp\Enemy\Data\No101\Ai\Ene_101_Pha_3.h">
      <Filter>ソース ファイル\Enemy\Data\No101\Ai</Filter>
    </ClInclude>
    <ClInclude Include="h+cpp\Enemy\Data\No101\Ai\Enemy101_Phase4.h">
      <Filter>ソース ファイル\Enemy\Data\No101\Ai</Filter>
    </ClInclude>
    <ClInclude Include="h+cpp\Enemy\Data\No101\Ai\Enemy101_Phase5.h">
      <Filter>ソース ファイル\Enemy\Data\No101\Ai</Filter>
    </ClInclude>
    <ClInclude Include="h+cpp\Enemy\Data\No101\Ai\Enemy101_Phase6.h">
      <Filter>ソース ファイル\Enemy\Data\No101\Ai</Filter>
    </ClInclude>
    <ClInclude Include="h+cpp\Enemy\Data\No101\Ai\Enemy101_Phase7.h">
      <Filter>ソース ファイル\Enemy\Data\No101\Ai</Filter>
    </ClInclude>
    <ClInclude Include="h+cpp\Enemy\Data\No101\Ai\ENo101_AiPhase_1.h">
      <Filter>ソース ファイル\Enemy\Data\No101\Ai</Filter>
    </ClInclude>
    <ClInclude Include="h+cpp\Enemy\Data\No101\Speed\Enemy101_Speed_1.h">
      <Filter>ソース ファイル\Enemy\Data\No101\Speed</Filter>
    </ClInclude>
    <ClInclude Include="h+cpp\Enemy\Data\No101\Speed\Enemy101_Speed_2.h">
      <Filter>ソース ファイル\Enemy\Data\No101\Speed</Filter>
    </ClInclude>
    <ClInclude Include="h+cpp\Enemy\Data\No101\Speed\Enemy101_Speed_3.h">
      <Filter>ソース ファイル\Enemy\Data\No101\Speed</Filter>
    </ClInclude>
    <ClInclude Include="h+cpp\Enemy\Data\No101\Speed\Enemy101_SpeedStop_1.h">
      <Filter>ソース ファイル\Enemy\Data\No101\Speed</Filter>
    </ClInclude>
    <ClInclude Include="h+cpp\Enemy\Data\No101\Speed\Enemy101_SpeedStop_2.h">
      <Filter>ソース ファイル\Enemy\Data\No101\Speed</Filter>
    </ClInclude>
    <ClInclude Include="h+cpp\Draw\2D\BulletHole.h">
      <Filter>ソース ファイル\Draw\2D</Filter>
    </ClInclude>
    <ClInclude Include="h+cpp\Draw\2D\modoru.h">
      <Filter>ソース ファイル\Draw\2D</Filter>
    </ClInclude>
    <ClInclude Include="h+cpp\Draw\2D\Pause.h">
      <Filter>ソース ファイル\Draw\2D</Filter>
    </ClInclude>
    <ClInclude Include="h+cpp\Draw\2D\Score.h">
      <Filter>ソース ファイル\Draw\2D</Filter>
    </ClInclude>
    <ClInclude Include="h+cpp\Draw\2D\Warning.h">
      <Filter>ソース ファイル\Draw\2D</Filter>
    </ClInclude>
    <ClInclude Include="h+cpp\Draw\2D\Window.h">
      <Filter>ソース ファイル\Draw\2D</Filter>
    </ClInclude>
    <ClInclude Include="h+cpp\Draw\2D\GameEnd\Game_Clear.h">
      <Filter>ソース ファイル\Draw\2D\GameEnd</Filter>
    </ClInclude>
    <ClInclude Include="h+cpp\Draw\2D\GameEnd\Game_End_Base.h">
      <Filter>ソース ファイル\Draw\2D\GameEnd</Filter>
    </ClInclude>
    <ClInclude Include="h+cpp\Draw\2D\GameEnd\Game_End_Now.h">
      <Filter>ソース ファイル\Draw\2D\GameEnd</Filter>
    </ClInclude>
    <ClInclude Include="h+cpp\Draw\2D\GameEnd\GameOver.h">
      <Filter>ソース ファイル\Draw\2D\GameEnd</Filter>
    </ClInclude>
    <ClInclude Include="h+cpp\Draw\3D\Spear.h">
      <Filter>ソース ファイル\Draw\3D</Filter>
    </ClInclude>
    <ClInclude Include="h+cpp\Manager\TextureManager\DrawTextureManager_Base.h">
      <Filter>ソース ファイル\Manager\TextureManager</Filter>
    </ClInclude>
    <ClInclude Include="h+cpp\Manager\TextureManager\DrawTextureManager_Manager.h">
      <Filter>ソース ファイル\Manager\TextureManager</Filter>
    </ClInclude>
    <ClInclude Include="h+cpp\Manager\TextureManager\Bullet\DrawTextureManager_Bullet.h">
      <Filter>ソース ファイル\Manager\TextureManager\Bullet</Filter>
    </ClInclude>
    <ClInclude Include="h+cpp\Car\Data\BaseDataManager\CarDataManager.h">
      <Filter>ソース ファイル\Car\Data\BaseDataManager</Filter>
    </ClInclude>
    <ClInclude Include="h+cpp\Car\Data\BaseDataManager\MeshDataManagerBase.h">
      <Filter>ソース ファイル\Car\Data\BaseDataManager</Filter>
    </ClInclude>
    <ClInclude Include="h+cpp\Car\Data\Draw3DManager\CarMeshManager.h">
      <Filter>ソース ファイル\Car\Data\Draw3DManager</Filter>
    </ClInclude>
    <ClInclude Include="h+cpp\Car\Data\Draw3DManager\CarNoManager.h">
      <Filter>ソース ファイル\Car\Data\Draw3DManager</Filter>
    </ClInclude>
    <ClInclude Include="h+cpp\Car\Data\Draw3DManager\CarSmogManager.h">
      <Filter>ソース ファイル\Car\Data\Draw3DManager</Filter>
    </ClInclude>
    <ClInclude Include="h+cpp\Car\Data\Draw3DManager\MeshManager.h">
      <Filter>ソース ファイル\Car\Data\Draw3DManager</Filter>
    </ClInclude>
    <ClInclude Include="h+cpp\Draw\Menu\ClearTouch.h">
      <Filter>ソース ファイル\Draw\Menu</Filter>
    </ClInclude>
    <ClInclude Include="h+cpp\Draw\Menu\NextTouch.h">
      <Filter>ソース ファイル\Draw\Menu</Filter>
    </ClInclude>
    <ClInclude Include="h+cpp\Draw\Menu\OverTouch.h">
      <Filter>ソース ファイル\Draw\Menu</Filter>
    </ClInclude>
    <ClInclude Include="h+cpp\Draw\Menu\PauseTouch.h">
      <Filter>ソース ファイル\Draw\Menu</Filter>
    </ClInclude>
    <ClInclude Include="h+cpp\Draw\Menu\Button\ButtonBase.h">
      <Filter>ソース ファイル\Draw\Menu\Button</Filter>
    </ClInclude>
    <ClInclude Include="h+cpp\Draw\Menu\Button\ButtonGameScene.h">
      <Filter>ソース ファイル\Draw\Menu\Button</Filter>
    </ClInclude>
    <ClInclude Include="h+cpp\Draw\Menu\Button\PlayButton.h">
      <Filter>ソース ファイル\Draw\Menu\Button</Filter>
    </ClInclude>
    <ClInclude Include="h+cpp\Draw\Menu\Button\RetryButton.h">
      <Filter>ソース ファイル\Draw\Menu\Button</Filter>
    </ClInclude>
    <ClInclude Include="h+cpp\Draw\Menu\Button\SelectButton.h">
      <Filter>ソース ファイル\Draw\Menu\Button</Filter>
    </ClInclude>
    <ClInclude Include="h+cpp\Draw\Menu\Button\TitleButton.h">
      <Filter>ソース ファイル\Draw\Menu\Button</Filter>
    </ClInclude>
    <ClInclude Include="h+cpp\Draw\Effect\Effect_Base.h">
      <Filter>ソース ファイル\Draw\Effect</Filter>
    </ClInclude>
    <ClInclude Include="h+cpp\Draw\Effect\EffectBase.h">
      <Filter>ソース ファイル\Draw\Effect</Filter>
    </ClInclude>
    <ClInclude Include="h+cpp\Draw\Effect\EffectVector.h">
      <Filter>ソース ファイル\Draw\Effect</Filter>
    </ClInclude>
    <ClInclude Include="h+cpp\Draw\Effect\3D\BulletHole\BulletHole3D.h">
      <Filter>ソース ファイル\Draw\Effect\3D\BulletHole</Filter>
    </ClInclude>
    <ClInclude Include="h+cpp\Draw\Effect\3D\Explosion\Explosion3D.h">
      <Filter>ソース ファイル\Draw\Effect\3D\Explosion</Filter>
    </ClInclude>
    <ClInclude Include="h+cpp\Draw\Effect\3D\Spark\BulletGround.h">
      <Filter>ソース ファイル\Draw\Effect\3D\Spark</Filter>
    </ClInclude>
    <ClInclude Include="h+cpp\Draw\Effect\3D\Spark\Spark.h">
      <Filter>ソース ファイル\Draw\Effect\3D\Spark</Filter>
    </ClInclude>
    <ClInclude Include="h+cpp\Draw\Effect\3D\Spark\Spark2.h">
      <Filter>ソース ファイル\Draw\Effect\3D\Spark</Filter>
    </ClInclude>
    <ClInclude Include="h+cpp\Draw\Effect\3D\Spark\SparkDamege.h">
      <Filter>ソース ファイル\Draw\Effect\3D\Spark</Filter>
    </ClInclude>
    <ClInclude Include="h+cpp\Draw\Effect\3D\Smoke\Smoke.h">
      <Filter>ソース ファイル\Draw\Effect\3D\Smoke</Filter>
    </ClInclude>
    <ClInclude Include="h+cpp\Draw\Effect\Car\EffectVectorCar.h">
      <Filter>ソース ファイル\Draw\Effect\Car</Filter>
    </ClInclude>
    <ClInclude Include="h+cpp\Draw\Effect\Car\Smoke\CarSmoke.h">
      <Filter>ソース ファイル\Draw\Effect\Car\Smoke</Filter>
    </ClInclude>
    <ClInclude Include="h+cpp\Draw\Effect\Gun\No1\Shot\Gun_No1_Bullet_Empty_1.h">
      <Filter>ソース ファイル\Draw\Effect\Gun\No1\Shot</Filter>
    </ClInclude>
    <ClInclude Include="h+cpp\Draw\Effect\Gun\No1\Shot\Gun_No1_MozFla_1.h">
      <Filter>ソース ファイル\Draw\Effect\Gun\No1\Shot</Filter>
    </ClInclude>
    <ClInclude Include="h+cpp\Draw\Effect\Gun\No1\Shot\Gun_No1_Shot_Effect.h">
      <Filter>ソース ファイル\Draw\Effect\Gun\No1\Shot</Filter>
    </ClInclude>
    <ClInclude Include="h+cpp\Draw\TitleParts\StartTex.h">
      <Filter>ソース ファイル\Draw\TitleParts</Filter>
    </ClInclude>
    <ClInclude Include="h+cpp\Draw\TitleParts\TitelCamera.h">
      <Filter>ソース ファイル\Draw\TitleParts</Filter>
    </ClInclude>
    <ClInclude Include="h+cpp\Draw\TitleParts\TitleSky.h">
      <Filter>ソース ファイル\Draw\TitleParts</Filter>
    </ClInclude>
    <ClInclude Include="h+cpp\Draw\TitleParts\TitleTex.h">
      <Filter>ソース ファイル\Draw\TitleParts</Filter>
    </ClInclude>
    <ClInclude Include="h+cpp\Draw\StageParts\CarSelect.h">
      <Filter>ソース ファイル\Draw\StageParts</Filter>
    </ClInclude>
    <ClInclude Include="h+cpp\Draw\StageParts\CarSet.h">
      <Filter>ソース ファイル\Draw\StageParts</Filter>
    </ClInclude>
    <ClInclude Include="h+cpp\Draw\StageParts\OkButton.h">
      <Filter>ソース ファイル\Draw\StageParts</Filter>
    </ClInclude>
    <ClInclude Include="h+cpp\Draw\StageParts\Stage_Room.h">
      <Filter>ソース ファイル\Draw\StageParts</Filter>
    </ClInclude>
    <ClInclude Include="h+cpp\Draw\StageParts\StageCamera.h">
      <Filter>ソース ファイル\Draw\StageParts</Filter>
    </ClInclude>
    <ClInclude Include="h+cpp\Draw\StageParts\StageCar.h">
      <Filter>ソース ファイル\Draw\StageParts</Filter>
    </ClInclude>
    <ClInclude Include="h+cpp\Draw\StageParts\StageTex.h">
      <Filter>ソース ファイル\Draw\StageParts</Filter>
    </ClInclude>
    <ClInclude Include="h+cpp\Draw\2D\Screen\Screen.h">
      <Filter>ソース ファイル\Draw\2D\Screen</Filter>
    </ClInclude>
    <ClInclude Include="h+cpp\Draw\3D\Ball\Ball3D.h">
      <Filter>ソース ファイル\Draw\3D\Ball</Filter>
    </ClInclude>
    <ClInclude Include="h+cpp\Draw\Effect\Car\Ball\Ball3DEffect.h">
      <Filter>ソース ファイル\Draw\Effect\Car\Ball</Filter>
    </ClInclude>
    <ClInclude Include="h+cpp\GameSource\StructManager.h">
      <Filter>ソース ファイル\GameSource</Filter>
    </ClInclude>
    <ClInclude Include="h+cpp\Draw\Damage_Num\DamageNumDraw3DManager.h">
      <Filter>ソース ファイル\Draw\Damage_Num</Filter>
    </ClInclude>
  </ItemGroup>
  <ItemGroup>
    <ClCompile Include="h+cpp\GameSource\3DSound.cpp">
      <Filter>ソース ファイル\GameSource</Filter>
    </ClCompile>
    <ClCompile Include="h+cpp\GameSource\Calculation.cpp">
      <Filter>ソース ファイル\GameSource</Filter>
    </ClCompile>
    <ClCompile Include="h+cpp\GameSource\CharaBase.cpp">
      <Filter>ソース ファイル\GameSource</Filter>
    </ClCompile>
    <ClCompile Include="h+cpp\GameSource\Count.cpp">
      <Filter>ソース ファイル\GameSource</Filter>
    </ClCompile>
    <ClCompile Include="h+cpp\GameSource\Debug.cpp">
      <Filter>ソース ファイル\GameSource</Filter>
    </ClCompile>
    <ClCompile Include="h+cpp\GameSource\Draw3DState.cpp">
      <Filter>ソース ファイル\GameSource</Filter>
    </ClCompile>
    <ClCompile Include="h+cpp\GameSource\Judgment.cpp">
      <Filter>ソース ファイル\GameSource</Filter>
    </ClCompile>
    <ClCompile Include="h+cpp\GameSource\Motion.cpp">
      <Filter>ソース ファイル\GameSource</Filter>
    </ClCompile>
    <ClCompile Include="h+cpp\GameSource\MoveCur.cpp">
      <Filter>ソース ファイル\GameSource</Filter>
    </ClCompile>
    <ClCompile Include="h+cpp\GameSource\PartsTrans.cpp">
      <Filter>ソース ファイル\GameSource</Filter>
    </ClCompile>
    <ClCompile Include="h+cpp\GameSource\SoundManager.cpp">
      <Filter>ソース ファイル\GameSource</Filter>
    </ClCompile>
    <ClCompile Include="h+cpp\GameSource\wavread.cpp">
      <Filter>ソース ファイル\GameSource</Filter>
    </ClCompile>
    <ClCompile Include="h+cpp\Ground\ground.cpp">
      <Filter>ソース ファイル\Ground</Filter>
    </ClCompile>
    <ClCompile Include="h+cpp\Ground\Sky.cpp">
      <Filter>ソース ファイル\Ground</Filter>
    </ClCompile>
    <ClCompile Include="h+cpp\Ground\Wall.cpp">
      <Filter>ソース ファイル\Ground</Filter>
    </ClCompile>
    <ClCompile Include="h+cpp\Gun\GunDraw\NewGun\EnemyGun.cpp">
      <Filter>ソース ファイル\Gun\GunDraw\NewGun</Filter>
    </ClCompile>
    <ClCompile Include="h+cpp\Gun\GunDraw\NewGun\GunBase2.cpp">
      <Filter>ソース ファイル\Gun\GunDraw\NewGun</Filter>
    </ClCompile>
    <ClCompile Include="h+cpp\Gun\GunDraw\NewGun\GunBullet.cpp">
      <Filter>ソース ファイル\Gun\GunDraw\NewGun</Filter>
    </ClCompile>
    <ClCompile Include="h+cpp\Gun\GunDraw\NewGun\GunLaser.cpp">
      <Filter>ソース ファイル\Gun\GunDraw\NewGun</Filter>
    </ClCompile>
    <ClCompile Include="h+cpp\Gun\Laser\Laser.cpp">
      <Filter>ソース ファイル\Gun\Laser</Filter>
    </ClCompile>
    <ClCompile Include="h+cpp\Gun\Laser\LaserBase.cpp">
      <Filter>ソース ファイル\Gun\Laser</Filter>
    </ClCompile>
    <ClCompile Include="h+cpp\Gun\Laser\LaserBase2.cpp">
      <Filter>ソース ファイル\Gun\Laser</Filter>
    </ClCompile>
    <ClCompile Include="h+cpp\Gun\Laser\LaserDraw1.cpp">
      <Filter>ソース ファイル\Gun\Laser</Filter>
    </ClCompile>
    <ClCompile Include="h+cpp\Gun\Laser\LaserManager.cpp">
      <Filter>ソース ファイル\Gun\Laser</Filter>
    </ClCompile>
    <ClCompile Include="h+cpp\Gun\Muz\MuzFlaPA.cpp">
      <Filter>ソース ファイル\Gun\Muz</Filter>
    </ClCompile>
    <ClCompile Include="h+cpp\Key\CMouse.cpp">
      <Filter>ソース ファイル\Key</Filter>
    </ClCompile>
    <ClCompile Include="h+cpp\Key\Key.cpp">
      <Filter>ソース ファイル\Key</Filter>
    </ClCompile>
    <ClCompile Include="h+cpp\Move\GunMove\GunBulletA.cpp">
      <Filter>ソース ファイル\Move\GunMove</Filter>
    </ClCompile>
    <ClCompile Include="h+cpp\Move\GunMove\GunBulletStopA.cpp">
      <Filter>ソース ファイル\Move\GunMove</Filter>
    </ClCompile>
    <ClCompile Include="h+cpp\Move\GunMove\GunLockonA.cpp">
      <Filter>ソース ファイル\Move\GunMove</Filter>
    </ClCompile>
    <ClCompile Include="h+cpp\Scene\GameScene.cpp">
      <Filter>ソース ファイル\Scene</Filter>
    </ClCompile>
    <ClCompile Include="h+cpp\Scene\SceneBase.cpp">
      <Filter>ソース ファイル\Scene</Filter>
    </ClCompile>
    <ClCompile Include="h+cpp\Scene\SceneManager.cpp">
      <Filter>ソース ファイル\Scene</Filter>
    </ClCompile>
    <ClCompile Include="h+cpp\Scene\StageSelectScene.cpp">
      <Filter>ソース ファイル\Scene</Filter>
    </ClCompile>
    <ClCompile Include="h+cpp\Scene\TitleScene.cpp">
      <Filter>ソース ファイル\Scene</Filter>
    </ClCompile>
    <ClCompile Include="h+cpp\Sound\BulletEmpty1.cpp">
      <Filter>ソース ファイル\Sound</Filter>
    </ClCompile>
    <ClCompile Include="h+cpp\main.cpp">
      <Filter>ソース ファイル</Filter>
    </ClCompile>
    <ClCompile Include="h+cpp\Key\KeyTrue.cpp">
      <Filter>ソース ファイル\Key</Filter>
    </ClCompile>
    <ClCompile Include="h+cpp\Draw\DrawBase\DrawBase.cpp">
      <Filter>ソース ファイル\Draw\DrawBase</Filter>
    </ClCompile>
    <ClCompile Include="h+cpp\GameSource\MatBase\MatBase.cpp">
      <Filter>ソース ファイル\GameSource\Mat</Filter>
    </ClCompile>
    <ClCompile Include="h+cpp\GameSource\MatBase\RotMatBase.cpp">
      <Filter>ソース ファイル\GameSource\Mat</Filter>
    </ClCompile>
    <ClCompile Include="h+cpp\Draw\DrawBase\Polygon\PolygonBase.cpp">
      <Filter>ソース ファイル\Draw\DrawBase\Polygon</Filter>
    </ClCompile>
    <ClCompile Include="h+cpp\Draw\DrawBase\TextureBase.cpp">
      <Filter>ソース ファイル\Draw\DrawBase</Filter>
    </ClCompile>
    <ClCompile Include="h+cpp\Draw\DrawBase\Polygon\PolMat\PolMatBase.cpp">
      <Filter>ソース ファイル\Draw\DrawBase\Polygon\PolMat</Filter>
    </ClCompile>
    <ClCompile Include="h+cpp\Draw\DrawBase\Polygon\PolMat\PolMat_Draw\Bullet_PolMat.cpp">
      <Filter>ソース ファイル\Draw\DrawBase\Polygon\PolMat\Draw</Filter>
    </ClCompile>
    <ClCompile Include="h+cpp\GameSource\GetSet\Int_GetSet.cpp">
      <Filter>ソース ファイル\GameSource\GetSet</Filter>
    </ClCompile>
    <ClCompile Include="h+cpp\GameSource\GetSet\float_GetSet.cpp">
      <Filter>ソース ファイル\GameSource\GetSet</Filter>
    </ClCompile>
    <ClCompile Include="h+cpp\Draw\DrawBase\Mesh_Draw\MeshDraw1_1\MeshDraw1_1.cpp">
      <Filter>ソース ファイル\Draw\DrawBase\Mesh_Draw\Mesh_1_1</Filter>
    </ClCompile>
    <ClCompile Include="h+cpp\Draw\DrawBase\Mesh_Draw\MeshDraw1_1\MeshSet1_1\MeshSetNo_1_1.cpp">
      <Filter>ソース ファイル\Draw\DrawBase\Mesh_Draw\Mesh_1_1\MeshSet1_1</Filter>
    </ClCompile>
    <ClCompile Include="h+cpp\Gun\GunDraw\GunMove\GunManual_1_1.cpp">
      <Filter>ソース ファイル\Gun\GunDraw\GunMove</Filter>
    </ClCompile>
    <ClCompile Include="h+cpp\Gun\GunDraw\NewGun\GunAllh.cpp">
      <Filter>ソース ファイル\Gun\GunDraw\NewGun</Filter>
    </ClCompile>
    <ClCompile Include="h+cpp\Draw\DrawBase\Mesh_Draw\MeshDraw1_1\MeshSet2_1\MeshSet2_1.cpp">
      <Filter>ソース ファイル\Draw\DrawBase\Mesh_Draw\Mesh_1_1\MeshSet2-1</Filter>
    </ClCompile>
    <ClCompile Include="h+cpp\Draw\DrawBase\Mesh_Draw\MeshDraw_1_Manager.cpp">
      <Filter>ソース ファイル\Draw\DrawBase\Mesh_Draw</Filter>
    </ClCompile>
    <ClCompile Include="h+cpp\Gun\GunDraw\GunMove\GunStopMove_1.cpp">
      <Filter>ソース ファイル\Gun\GunDraw\GunMove</Filter>
    </ClCompile>
    <ClCompile Include="h+cpp\Gun\GunDraw\GunMove\GunMove_A_Manager_1.cpp">
      <Filter>ソース ファイル\Gun\GunDraw\GunMove</Filter>
    </ClCompile>
    <ClCompile Include="h+cpp\Draw\DrawBase2\Draw_Pol_A.cpp">
      <Filter>ソース ファイル\Draw\DrawBase2</Filter>
    </ClCompile>
    <ClCompile Include="h+cpp\Draw\DrawBase2\Draw_PolMat_A.cpp">
      <Filter>ソース ファイル\Draw\DrawBase2</Filter>
    </ClCompile>
    <ClCompile Include="h+cpp\Draw\DrawBase2\Draw_Mesh_Base_A.cpp">
      <Filter>ソース ファイル\Draw\DrawBase2</Filter>
    </ClCompile>
    <ClCompile Include="h+cpp\Draw\DrawBase2\Draw3D_Base2.cpp">
      <Filter>ソース ファイル\Draw\DrawBase2</Filter>
    </ClCompile>
    <ClCompile Include="h+cpp\Draw\DrawBase2\DrawPolMat\PolMat_Bullet_No1.cpp">
      <Filter>ソース ファイル\Draw\DrawBase2\DrawPolMat</Filter>
    </ClCompile>
    <ClCompile Include="h+cpp\Gun\GunDraw\GunParts\PartsDraw.cpp">
      <Filter>ソース ファイル\Gun\GunDraw\GunParts</Filter>
    </ClCompile>
    <ClCompile Include="h+cpp\Gun\GunDraw\GunParts\GunPartsDraw.cpp">
      <Filter>ソース ファイル\Gun\GunDraw\GunParts</Filter>
    </ClCompile>
    <ClCompile Include="h+cpp\Gun\Bullet\BulletBase\Bullet_Base.cpp">
      <Filter>ソース ファイル\Gun\Bullet\BulletBase</Filter>
    </ClCompile>
    <ClCompile Include="h+cpp\Gun\GunDraw\GunParts\Gun_Parts_Category.cpp">
      <Filter>ソース ファイル\Gun\GunDraw\GunParts</Filter>
    </ClCompile>
    <ClCompile Include="h+cpp\Gun\GunDraw\Gun_Trigger\Gun_Trigger_1.cpp">
      <Filter>ソース ファイル\Gun\GunDraw\Gun_Trigger</Filter>
    </ClCompile>
    <ClCompile Include="h+cpp\Gun\GunDraw\Gun_Trigger\Gun_Trigger_2.cpp">
      <Filter>ソース ファイル\Gun\GunDraw\Gun_Trigger</Filter>
    </ClCompile>
    <ClCompile Include="h+cpp\Gun\GunDraw\Gun_Type\Gun_Gatling_1.cpp">
      <Filter>ソース ファイル\Gun\GunDraw\Gun_Type</Filter>
    </ClCompile>
    <ClCompile Include="h+cpp\Draw\Tire\Car_Tire_No1.cpp">
      <Filter>ソース ファイル\Draw\Tire</Filter>
    </ClCompile>
    <ClCompile Include="h+cpp\Draw\Stand\Stand_No1.cpp">
      <Filter>ソース ファイル\Draw\Stand</Filter>
    </ClCompile>
    <ClCompile Include="h+cpp\Move\Parts\TireMove_No1.cpp">
      <Filter>ソース ファイル\Move\PartsMove</Filter>
    </ClCompile>
    <ClCompile Include="h+cpp\Move\Parts\StopMove.cpp">
      <Filter>ソース ファイル\Move\PartsMove</Filter>
    </ClCompile>
    <ClCompile Include="h+cpp\Move\Parts\Move_Parts_Base.cpp">
      <Filter>ソース ファイル\Move\PartsMove</Filter>
    </ClCompile>
    <ClCompile Include="h+cpp\Draw\Tire\Tire_DrawManager.cpp">
      <Filter>ソース ファイル\Draw\Tire</Filter>
    </ClCompile>
    <ClCompile Include="h+cpp\Draw\Tire\Tire_No101.cpp">
      <Filter>ソース ファイル\Draw\Tire</Filter>
    </ClCompile>
    <ClCompile Include="h+cpp\Gun\GunDraw\Gun_Draw_Manager.cpp">
      <Filter>ソース ファイル\Gun\GunDraw</Filter>
    </ClCompile>
    <ClCompile Include="h+cpp\Move\GunMove\Auto\Departure_A.cpp">
      <Filter>ソース ファイル\Move\GunMove\Auto</Filter>
    </ClCompile>
    <ClCompile Include="h+cpp\Move\GunMove\Auto\Departure_B.cpp">
      <Filter>ソース ファイル\Move\GunMove\Auto</Filter>
    </ClCompile>
    <ClCompile Include="h+cpp\Move\GunMove\Auto\Departure_Gun_Auto_Base.cpp">
      <Filter>ソース ファイル\Move\GunMove\Auto</Filter>
    </ClCompile>
    <ClCompile Include="h+cpp\Gun\GunDraw\GunMove\GunMoveBase_A.cpp">
      <Filter>ソース ファイル\Gun\GunDraw\GunMove</Filter>
    </ClCompile>
    <ClCompile Include="h+cpp\Draw\Tire\Tire_No201.cpp">
      <Filter>ソース ファイル\Draw\Tire</Filter>
    </ClCompile>
    <ClCompile Include="h+cpp\Draw\Door\Door_No1.cpp">
      <Filter>ソース ファイル\Draw\Door</Filter>
    </ClCompile>
    <ClCompile Include="h+cpp\Draw\Door\Door_DrawManager.cpp">
      <Filter>ソース ファイル\Draw\Door</Filter>
    </ClCompile>
    <ClCompile Include="h+cpp\Move\Parts\Door_Move_1.cpp">
      <Filter>ソース ファイル\Move\PartsMove</Filter>
    </ClCompile>
    <ClCompile Include="h+cpp\GameSource\StructClass\Parts_Set_Data.cpp">
      <Filter>ソース ファイル\GameSource\StructClass</Filter>
    </ClCompile>
    <ClCompile Include="h+cpp\Draw\Stand\Stand_No0.cpp">
      <Filter>ソース ファイル\Draw\Stand</Filter>
    </ClCompile>
    <ClCompile Include="h+cpp\Draw\Stand\Stand_DrawManager.cpp">
      <Filter>ソース ファイル\Draw\Stand</Filter>
    </ClCompile>
    <ClCompile Include="h+cpp\Gun\GunDraw\Gun_Type\Gun_No201.cpp">
      <Filter>ソース ファイル\Gun\GunDraw\Gun_Type</Filter>
    </ClCompile>
    <ClCompile Include="h+cpp\Gun\GunDraw\NewGun\Gun_Init.cpp">
      <Filter>ソース ファイル\Gun\GunDraw\NewGun</Filter>
    </ClCompile>
    <ClCompile Include="h+cpp\Draw\Polygon\Polygon_Judg.cpp">
      <Filter>ソース ファイル\Draw\Polygon</Filter>
    </ClCompile>
    <ClCompile Include="h+cpp\Gun\GunDraw\Gun_Type\Gun_No101.cpp">
      <Filter>ソース ファイル\Gun\GunDraw\Gun_Type</Filter>
    </ClCompile>
    <ClCompile Include="h+cpp\Draw\Stand\Stand_No101.cpp">
      <Filter>ソース ファイル\Draw\Stand</Filter>
    </ClCompile>
    <ClCompile Include="h+cpp\GameSource\StructClass\Parts_Set_Size.cpp">
      <Filter>ソース ファイル\GameSource\StructClass</Filter>
    </ClCompile>
    <ClCompile Include="h+cpp\Draw\Bullet\Bullet_No1.cpp">
      <Filter>ソース ファイル\Draw\Bullet</Filter>
    </ClCompile>
    <ClCompile Include="h+cpp\Draw\Bullet\Bullet_DrawManager.cpp">
      <Filter>ソース ファイル\Draw\Bullet</Filter>
    </ClCompile>
    <ClCompile Include="h+cpp\Draw\Bullet\Bullet_No2.cpp">
      <Filter>ソース ファイル\Draw\Bullet</Filter>
    </ClCompile>
    <ClCompile Include="h+cpp\Draw\Judg\Car_Parts_Judg_Mesh.cpp">
      <Filter>ソース ファイル\Draw\Judg</Filter>
    </ClCompile>
    <ClCompile Include="h+cpp\Draw\DrawBase2\Draw_Ball_A.cpp">
      <Filter>ソース ファイル\Draw\DrawBase2</Filter>
    </ClCompile>
    <ClCompile Include="h+cpp\Draw\Judg\Car_Parts_Judg_Ball.cpp">
      <Filter>ソース ファイル\Draw\Judg</Filter>
    </ClCompile>
    <ClCompile Include="h+cpp\Enemy\EnemyA.cpp">
      <Filter>ソース ファイル\Enemy</Filter>
    </ClCompile>
    <ClCompile Include="h+cpp\Enemy\EnemyAi.cpp">
      <Filter>ソース ファイル\Enemy</Filter>
    </ClCompile>
    <ClCompile Include="h+cpp\Enemy\EnemyBase.cpp">
      <Filter>ソース ファイル\Enemy</Filter>
    </ClCompile>
    <ClCompile Include="h+cpp\Enemy\EnemySelect.cpp">
      <Filter>ソース ファイル\Enemy</Filter>
    </ClCompile>
    <ClCompile Include="h+cpp\Enemy\Vector.cpp">
      <Filter>ソース ファイル\Enemy</Filter>
    </ClCompile>
    <ClCompile Include="h+cpp\Player\Aiming.cpp">
      <Filter>ソース ファイル\Player</Filter>
    </ClCompile>
    <ClCompile Include="h+cpp\Player\Camera.cpp">
      <Filter>ソース ファイル\Player</Filter>
    </ClCompile>
    <ClCompile Include="h+cpp\Player\PlayerA.cpp">
      <Filter>ソース ファイル\Player</Filter>
    </ClCompile>
    <ClCompile Include="h+cpp\Player\PlayerBase.cpp">
      <Filter>ソース ファイル\Player</Filter>
    </ClCompile>
    <ClCompile Include="h+cpp\Player\PlayerBody.cpp">
      <Filter>ソース ファイル\Player</Filter>
    </ClCompile>
    <ClCompile Include="h+cpp\Draw\DrawBase2\New_Draw\Draw3D_Base2_New.cpp">
      <Filter>ソース ファイル\Draw\DrawBase2\New_Draw</Filter>
    </ClCompile>
    <ClCompile Include="h+cpp\Draw\DrawBase2\New_Draw\Draw3D_Base2_vector.cpp">
      <Filter>ソース ファイル\Draw\DrawBase2\New_Draw</Filter>
    </ClCompile>
    <ClCompile Include="h+cpp\Stage_Data\Car_Pop\Car_Pop_Base.cpp">
      <Filter>ソース ファイル\Stage_Data\Car_Pop</Filter>
    </ClCompile>
    <ClCompile Include="h+cpp\Stage_Data\Car_Pop\Car_Pop_Data.cpp">
      <Filter>ソース ファイル\Stage_Data\Car_Pop</Filter>
    </ClCompile>
    <ClCompile Include="h+cpp\Stage_Data\Car_Pop\Car_Pop_Manager.cpp">
      <Filter>ソース ファイル\Stage_Data\Car_Pop</Filter>
    </ClCompile>
    <ClCompile Include="h+cpp\Stage_Data\Car_Pop\Car_Pop_New.cpp">
      <Filter>ソース ファイル\Stage_Data\Car_Pop</Filter>
    </ClCompile>
    <ClCompile Include="h+cpp\Stage_Data\Stage_1\Stage_No1_1.cpp">
      <Filter>ソース ファイル\Stage_Data\Stage_1</Filter>
    </ClCompile>
    <ClCompile Include="h+cpp\Stage_Data\Stage_1\Stage_No1_2.cpp">
      <Filter>ソース ファイル\Stage_Data\Stage_1</Filter>
    </ClCompile>
    <ClCompile Include="h+cpp\Ground\Stage_Ground\Ground_Pop_Data.cpp">
      <Filter>ソース ファイル\Ground\Stage_Ground</Filter>
    </ClCompile>
    <ClCompile Include="h+cpp\Ground\Stage_Ground\Ground_Pop_Base.cpp">
      <Filter>ソース ファイル\Ground\Stage_Ground</Filter>
    </ClCompile>
    <ClCompile Include="h+cpp\GameSource\StructClass\Struct_Init.cpp">
      <Filter>ソース ファイル\GameSource\StructClass</Filter>
    </ClCompile>
    <ClCompile Include="h+cpp\Ground\Stage_Ground\Ground_Pop_New.cpp">
      <Filter>ソース ファイル\Ground\Stage_Ground</Filter>
    </ClCompile>
    <ClCompile Include="h+cpp\Ground\Stage_Ground\Ground_Type\Ground_Type_1.cpp">
      <Filter>ソース ファイル\Ground\Stage_Ground\Ground_Type</Filter>
    </ClCompile>
    <ClCompile Include="h+cpp\Stage_Data\Car_Pop\Car_Pop_Update_1.cpp">
      <Filter>ソース ファイル\Stage_Data\Car_Pop</Filter>
    </ClCompile>
    <ClCompile Include="h+cpp\Stage_Data\Car_Pop\Car_Pop_Update_2.cpp">
      <Filter>ソース ファイル\Stage_Data\Car_Pop</Filter>
    </ClCompile>
    <ClCompile Include="h+cpp\Ground\Stage_Ground\Ground_Pop_Manager.cpp">
      <Filter>ソース ファイル\Ground\Stage_Ground</Filter>
    </ClCompile>
    <ClCompile Include="h+cpp\Ground\Stage_Ground\Ground_Type\Ground_Type_0.cpp">
      <Filter>ソース ファイル\Ground\Stage_Ground\Ground_Type</Filter>
    </ClCompile>
    <ClCompile Include="h+cpp\Stage_Data\Stage_1\Stage_No1_3.cpp">
      <Filter>ソース ファイル\Stage_Data\Stage_1</Filter>
    </ClCompile>
    <ClCompile Include="h+cpp\Sound\vector\Sound_Data_Base.cpp">
      <Filter>ソース ファイル\Sound\vector</Filter>
    </ClCompile>
    <ClCompile Include="h+cpp\Sound\vector\Sound_Data_Vector.cpp">
      <Filter>ソース ファイル\Sound\vector</Filter>
    </ClCompile>
    <ClCompile Include="h+cpp\Sound\SE\Sound_2D_Gun_1.cpp">
      <Filter>ソース ファイル\Sound\SE</Filter>
    </ClCompile>
    <ClCompile Include="h+cpp\Sound\Base\Sound_Base_2D.cpp">
      <Filter>ソース ファイル\Sound\Base</Filter>
    </ClCompile>
    <ClCompile Include="h+cpp\Draw\Bullet\Bullet_No99.cpp">
      <Filter>ソース ファイル\Draw\Bullet</Filter>
    </ClCompile>
    <ClCompile Include="h+cpp\Sound\BGM\Sound_BGM_Base.cpp">
      <Filter>ソース ファイル\Sound\BGM</Filter>
    </ClCompile>
    <ClCompile Include="h+cpp\Sound\BGM\Sound_BGM_Manager.cpp">
      <Filter>ソース ファイル\Sound\BGM</Filter>
    </ClCompile>
    <ClCompile Include="h+cpp\Stage_Data\Stage_D1\Stage_D1_1.cpp">
      <Filter>ソース ファイル\Stage_Data\Stage_D1</Filter>
    </ClCompile>
    <ClCompile Include="h+cpp\Stage_Data\Stage_D1\Stage_D1_2.cpp">
      <Filter>ソース ファイル\Stage_Data\Stage_D1</Filter>
    </ClCompile>
    <ClCompile Include="h+cpp\Sound\SE\Warning\Sound_Warning_Base.cpp">
      <Filter>ソース ファイル\Sound\SE\Warning</Filter>
    </ClCompile>
    <ClCompile Include="h+cpp\Sound\SE\Warning\Sound_Warning_Manager.cpp">
      <Filter>ソース ファイル\Sound\SE\Warning</Filter>
    </ClCompile>
    <ClCompile Include="h+cpp\Sound\SE\Click\Sound_Click_Base.cpp">
      <Filter>ソース ファイル\Sound\SE\Click</Filter>
    </ClCompile>
    <ClCompile Include="h+cpp\Sound\SE\Click\Sound_Click_Manager.cpp">
      <Filter>ソース ファイル\Sound\SE\Click</Filter>
    </ClCompile>
    <ClCompile Include="h+cpp\Sound\Base\Sound_Base_3D.cpp">
      <Filter>ソース ファイル\Sound\Base</Filter>
    </ClCompile>
    <ClCompile Include="h+cpp\Sound\SE\SE_Manager\Sound_Explosion_Manager.cpp">
      <Filter>ソース ファイル\Sound\SE\Manager</Filter>
    </ClCompile>
    <ClCompile Include="h+cpp\Draw\Damage_Num\Damage_Num_Base.cpp">
      <Filter>ソース ファイル\Draw\Damage_Num</Filter>
    </ClCompile>
    <ClCompile Include="h+cpp\Draw\Damage_Num\Damage_Move_A.cpp">
      <Filter>ソース ファイル\Draw\Damage_Num</Filter>
    </ClCompile>
    <ClCompile Include="h+cpp\Draw\Damage_Num\Damage_Move_B.cpp">
      <Filter>ソース ファイル\Draw\Damage_Num</Filter>
    </ClCompile>
    <ClCompile Include="h+cpp\Move\Speed\Speed_Dead_A.cpp">
      <Filter>ソース ファイル\Move\Speed</Filter>
    </ClCompile>
    <ClCompile Include="h+cpp\Ground\Ground_Object.cpp">
      <Filter>ソース ファイル\Ground</Filter>
    </ClCompile>
    <ClCompile Include="h+cpp\Ground\Ground_Object_Parts\Object_Base.cpp">
      <Filter>ソース ファイル\Ground\Ground_Object_Parts</Filter>
    </ClCompile>
    <ClCompile Include="h+cpp\Ground\Ground_Object_Parts\Bill_Object_1.cpp">
      <Filter>ソース ファイル\Ground\Ground_Object_Parts</Filter>
    </ClCompile>
    <ClCompile Include="h+cpp\Ground\Ground_Object_Parts\Light_Object_1.cpp">
      <Filter>ソース ファイル\Ground\Ground_Object_Parts</Filter>
    </ClCompile>
    <ClCompile Include="h+cpp\Ground\Ground_Object_Parts\Light_Object_1_R.cpp">
      <Filter>ソース ファイル\Ground\Ground_Object_Parts</Filter>
    </ClCompile>
    <ClCompile Include="h+cpp\GameSource\Text_Num.cpp">
      <Filter>ソース ファイル\GameSource</Filter>
    </ClCompile>
    <ClCompile Include="h+cpp\Sound\SE\Bullet_Hit\Sound_2D_Bullet_Hit.cpp">
      <Filter>ソース ファイル\Sound\SE\Bullet_Hit</Filter>
    </ClCompile>
    <ClCompile Include="h+cpp\Sound\SE\Bullet_Hit\Sound_Bullet_Hit_Manager.cpp">
      <Filter>ソース ファイル\Sound\SE\Bullet_Hit</Filter>
    </ClCompile>
    <ClCompile Include="h+cpp\Move\Speed\Speed_Stop_A.cpp">
      <Filter>ソース ファイル\Move\Speed</Filter>
    </ClCompile>
    <ClCompile Include="h+cpp\Fade\Fade.cpp">
      <Filter>ソース ファイル\Fade</Filter>
    </ClCompile>
    <ClCompile Include="h+cpp\Fade\FadeIn.cpp">
      <Filter>ソース ファイル\Fade</Filter>
    </ClCompile>
    <ClCompile Include="h+cpp\Fade\FadeMove.cpp">
      <Filter>ソース ファイル\Fade</Filter>
    </ClCompile>
    <ClCompile Include="h+cpp\Fade\FadeOut.cpp">
      <Filter>ソース ファイル\Fade</Filter>
    </ClCompile>
    <ClCompile Include="h+cpp\Fade\FadeDraw.cpp">
      <Filter>ソース ファイル\Fade</Filter>
    </ClCompile>
    <ClCompile Include="h+cpp\GameSource\Option\Option.cpp">
      <Filter>ソース ファイル\GameSource\Option</Filter>
    </ClCompile>
    <ClCompile Include="h+cpp\Car\Parts\Car_Parts_Base.cpp">
      <Filter>ソース ファイル\Car\Parts</Filter>
    </ClCompile>
    <ClCompile Include="h+cpp\Car\Parts\Car_Parts_Joint.cpp">
      <Filter>ソース ファイル\Car\Parts</Filter>
    </ClCompile>
    <ClCompile Include="h+cpp\Car\Parts\PartsBase.cpp">
      <Filter>ソース ファイル\Car\Parts</Filter>
    </ClCompile>
    <ClCompile Include="h+cpp\Car\CarBase.cpp">
      <Filter>ソース ファイル\Car</Filter>
    </ClCompile>
    <ClCompile Include="h+cpp\Car\CarBulletManager.cpp">
      <Filter>ソース ファイル\Car</Filter>
    </ClCompile>
    <ClCompile Include="h+cpp\Car\CarGun.cpp">
      <Filter>ソース ファイル\Car</Filter>
    </ClCompile>
    <ClCompile Include="h+cpp\Car\CarParts.cpp">
      <Filter>ソース ファイル\Car</Filter>
    </ClCompile>
    <ClCompile Include="h+cpp\Car\CarEffect.cpp">
      <Filter>ソース ファイル\Car</Filter>
    </ClCompile>
    <ClCompile Include="h+cpp\MaterialManager\TextureManager.cpp">
      <Filter>ソース ファイル\MaterialManager</Filter>
    </ClCompile>
    <ClCompile Include="h+cpp\MaterialManager\XFileManager.cpp">
      <Filter>ソース ファイル\MaterialManager</Filter>
    </ClCompile>
    <ClCompile Include="h+cpp\Move\Speed\SpeedDeadStop.cpp">
      <Filter>ソース ファイル\Move\Speed</Filter>
    </ClCompile>
    <ClCompile Include="h+cpp\Draw\Hp\HpbarDraw.cpp">
      <Filter>ソース ファイル\Draw\Hp</Filter>
    </ClCompile>
    <ClCompile Include="h+cpp\Sound\GameSoundManager.cpp">
      <Filter>ソース ファイル\Sound</Filter>
    </ClCompile>
    <ClCompile Include="h+cpp\Ground\GroundManager.cpp">
      <Filter>ソース ファイル\Ground</Filter>
    </ClCompile>
    <ClCompile Include="h+cpp\Draw\Hp\HpbarBase.cpp">
      <Filter>ソース ファイル\Draw\Hp</Filter>
    </ClCompile>
    <ClCompile Include="h+cpp\Draw\Hp\Hpbar2D.cpp">
      <Filter>ソース ファイル\Draw\Hp</Filter>
    </ClCompile>
    <ClCompile Include="h+cpp\Draw\Hp\Hpbar3D.cpp">
      <Filter>ソース ファイル\Draw\Hp</Filter>
    </ClCompile>
    <ClCompile Include="h+cpp\Draw\Hp\Enemy\Hpbar2DEnemy.cpp">
      <Filter>ソース ファイル\Draw\Hp\Enemy</Filter>
    </ClCompile>
    <ClCompile Include="h+cpp\Draw\Hp\Player\Hpbar2DPlayer.cpp">
      <Filter>ソース ファイル\Draw\Hp\Player</Filter>
    </ClCompile>
    <ClCompile Include="h+cpp\Draw\Hp\Enemy\Hpbar3DEnemy.cpp">
      <Filter>ソース ファイル\Draw\Hp\Enemy</Filter>
    </ClCompile>
    <ClCompile Include="h+cpp\Draw\Num\2D\Num2DA.cpp">
      <Filter>ソース ファイル\Draw\Num\2D</Filter>
    </ClCompile>
    <ClCompile Include="h+cpp\Draw\Num\2D\Num2DBase.cpp">
      <Filter>ソース ファイル\Draw\Num\2D</Filter>
    </ClCompile>
    <ClCompile Include="h+cpp\Draw\Num\2D\NumA.cpp">
      <Filter>ソース ファイル\Draw\Num\2D</Filter>
    </ClCompile>
    <ClCompile Include="h+cpp\Enemy\Data\Base&amp;Manager\Enemy_Gun_Move_Base.cpp">
      <Filter>ソース ファイル\Enemy\Data\Base&amp;Manager</Filter>
    </ClCompile>
    <ClCompile Include="h+cpp\Enemy\Data\Base&amp;Manager\Enemy_Manager.cpp">
      <Filter>ソース ファイル\Enemy\Data\Base&amp;Manager</Filter>
    </ClCompile>
    <ClCompile Include="h+cpp\Enemy\Data\Base&amp;Manager\EnemySpeed.cpp">
      <Filter>ソース ファイル\Enemy\Data\Base&amp;Manager</Filter>
    </ClCompile>
    <ClCompile Include="h+cpp\Enemy\Data\Base&amp;Manager\EnemySpeedManager.cpp">
      <Filter>ソース ファイル\Enemy\Data\Base&amp;Manager</Filter>
    </ClCompile>
    <ClCompile Include="h+cpp\Enemy\Data\No1\Enemy_No1.cpp">
      <Filter>ソース ファイル\Enemy\Data\No1</Filter>
    </ClCompile>
    <ClCompile Include="h+cpp\Enemy\Data\No1\Ai\Enemy_No1_Phase0.cpp">
      <Filter>ソース ファイル\Enemy\Data\No1\Ai</Filter>
    </ClCompile>
    <ClCompile Include="h+cpp\Enemy\Data\No1\Ai\ENo1_AiPhase.cpp">
      <Filter>ソース ファイル\Enemy\Data\No1\Ai</Filter>
    </ClCompile>
    <ClCompile Include="h+cpp\Enemy\Data\No1\GunMove\Ene_1_Gun_1_Stop.cpp">
      <Filter>ソース ファイル\Enemy\Data\No1\GunMove</Filter>
    </ClCompile>
    <ClCompile Include="h+cpp\Enemy\Data\No1\GunMove\Enemy_No1_Gun_1_Lockon.cpp">
      <Filter>ソース ファイル\Enemy\Data\No1\GunMove</Filter>
    </ClCompile>
    <ClCompile Include="h+cpp\Enemy\Data\No1\GunMove\Enemy_No1_Gun_1_Shot.cpp">
      <Filter>ソース ファイル\Enemy\Data\No1\GunMove</Filter>
    </ClCompile>
    <ClCompile Include="h+cpp\Enemy\Data\No1\GunMove\Enemy_No1_Gun1_Re.cpp">
      <Filter>ソース ファイル\Enemy\Data\No1\GunMove</Filter>
    </ClCompile>
    <ClCompile Include="h+cpp\Enemy\Data\No1\Speed\SpeedDown.cpp">
      <Filter>ソース ファイル\Enemy\Data\No1\Speed</Filter>
    </ClCompile>
    <ClCompile Include="h+cpp\Enemy\Data\No1\Speed\SpeedUp.cpp">
      <Filter>ソース ファイル\Enemy\Data\No1\Speed</Filter>
    </ClCompile>
    <ClCompile Include="h+cpp\Enemy\Data\No101\Enemy_No101.cpp">
      <Filter>ソース ファイル\Enemy\Data\No101</Filter>
    </ClCompile>
    <ClCompile Include="h+cpp\Enemy\Data\No101\Ai\E_101_Phase_0.cpp">
      <Filter>ソース ファイル\Enemy\Data\No101\Ai</Filter>
    </ClCompile>
    <ClCompile Include="h+cpp\Enemy\Data\No101\Ai\Ene_101_Pha_2.cpp">
      <Filter>ソース ファイル\Enemy\Data\No101\Ai</Filter>
    </ClCompile>
    <ClCompile Include="h+cpp\Enemy\Data\No101\Ai\Ene_101_Pha_3.cpp">
      <Filter>ソース ファイル\Enemy\Data\No101\Ai</Filter>
    </ClCompile>
    <ClCompile Include="h+cpp\Enemy\Data\No101\Ai\Enemy101_Phase4.cpp">
      <Filter>ソース ファイル\Enemy\Data\No101\Ai</Filter>
    </ClCompile>
    <ClCompile Include="h+cpp\Enemy\Data\No101\Ai\Enemy101_Phase5.cpp">
      <Filter>ソース ファイル\Enemy\Data\No101\Ai</Filter>
    </ClCompile>
    <ClCompile Include="h+cpp\Enemy\Data\No101\Ai\Enemy101_Phase6.cpp">
      <Filter>ソース ファイル\Enemy\Data\No101\Ai</Filter>
    </ClCompile>
    <ClCompile Include="h+cpp\Enemy\Data\No101\Ai\Enemy101_Phase7.cpp">
      <Filter>ソース ファイル\Enemy\Data\No101\Ai</Filter>
    </ClCompile>
    <ClCompile Include="h+cpp\Enemy\Data\No101\Ai\ENo101_AiPhase_1.cpp">
      <Filter>ソース ファイル\Enemy\Data\No101\Ai</Filter>
    </ClCompile>
    <ClCompile Include="h+cpp\Enemy\Data\No101\Speed\Enemy101_Speed_1.cpp">
      <Filter>ソース ファイル\Enemy\Data\No101\Speed</Filter>
    </ClCompile>
    <ClCompile Include="h+cpp\Enemy\Data\No101\Speed\Enemy101_Speed_2.cpp">
      <Filter>ソース ファイル\Enemy\Data\No101\Speed</Filter>
    </ClCompile>
    <ClCompile Include="h+cpp\Enemy\Data\No101\Speed\Enemy101_Speed_3.cpp">
      <Filter>ソース ファイル\Enemy\Data\No101\Speed</Filter>
    </ClCompile>
    <ClCompile Include="h+cpp\Enemy\Data\No101\Speed\Enemy101_SpeedStop_1.cpp">
      <Filter>ソース ファイル\Enemy\Data\No101\Speed</Filter>
    </ClCompile>
    <ClCompile Include="h+cpp\Enemy\Data\No101\Speed\Enemy101_SpeedStop_2.cpp">
      <Filter>ソース ファイル\Enemy\Data\No101\Speed</Filter>
    </ClCompile>
    <ClCompile Include="h+cpp\Draw\2D\BulletHole.cpp">
      <Filter>ソース ファイル\Draw\2D</Filter>
    </ClCompile>
    <ClCompile Include="h+cpp\Draw\2D\modoru.cpp">
      <Filter>ソース ファイル\Draw\2D</Filter>
    </ClCompile>
    <ClCompile Include="h+cpp\Draw\2D\Pause.cpp">
      <Filter>ソース ファイル\Draw\2D</Filter>
    </ClCompile>
    <ClCompile Include="h+cpp\Draw\2D\Score.cpp">
      <Filter>ソース ファイル\Draw\2D</Filter>
    </ClCompile>
    <ClCompile Include="h+cpp\Draw\2D\Warning.cpp">
      <Filter>ソース ファイル\Draw\2D</Filter>
    </ClCompile>
    <ClCompile Include="h+cpp\Draw\2D\Window.cpp">
      <Filter>ソース ファイル\Draw\2D</Filter>
    </ClCompile>
    <ClCompile Include="h+cpp\Draw\2D\GameEnd\Game_Clear.cpp">
      <Filter>ソース ファイル\Draw\2D\GameEnd</Filter>
    </ClCompile>
    <ClCompile Include="h+cpp\Draw\2D\GameEnd\Game_End_Base.cpp">
      <Filter>ソース ファイル\Draw\2D\GameEnd</Filter>
    </ClCompile>
    <ClCompile Include="h+cpp\Draw\2D\GameEnd\Game_End_Now.cpp">
      <Filter>ソース ファイル\Draw\2D\GameEnd</Filter>
    </ClCompile>
    <ClCompile Include="h+cpp\Draw\2D\GameEnd\GameOver.cpp">
      <Filter>ソース ファイル\Draw\2D\GameEnd</Filter>
    </ClCompile>
    <ClCompile Include="h+cpp\Draw\3D\Spear.cpp">
      <Filter>ソース ファイル\Draw\3D</Filter>
    </ClCompile>
    <ClCompile Include="h+cpp\Manager\TextureManager\DrawTextureManager_Base.cpp">
      <Filter>ソース ファイル\Manager\TextureManager</Filter>
    </ClCompile>
    <ClCompile Include="h+cpp\Manager\TextureManager\DrawTextureManager_Manager.cpp">
      <Filter>ソース ファイル\Manager\TextureManager</Filter>
    </ClCompile>
    <ClCompile Include="h+cpp\Manager\TextureManager\Bullet\DrawTextureManager_Bullet.cpp">
      <Filter>ソース ファイル\Manager\TextureManager\Bullet</Filter>
    </ClCompile>
    <ClCompile Include="h+cpp\Car\Data\BaseDataManager\CarDataManager.cpp">
      <Filter>ソース ファイル\Car\Data\BaseDataManager</Filter>
    </ClCompile>
    <ClCompile Include="h+cpp\Car\Data\BaseDataManager\MeshDataManagerBase.cpp">
      <Filter>ソース ファイル\Car\Data\BaseDataManager</Filter>
    </ClCompile>
    <ClCompile Include="h+cpp\Car\Data\Draw3DManager\CarMeshManager.cpp">
      <Filter>ソース ファイル\Car\Data\Draw3DManager</Filter>
    </ClCompile>
    <ClCompile Include="h+cpp\Car\Data\Draw3DManager\CarNoManager.cpp">
      <Filter>ソース ファイル\Car\Data\Draw3DManager</Filter>
    </ClCompile>
    <ClCompile Include="h+cpp\Car\Data\Draw3DManager\CarSmogManager.cpp">
      <Filter>ソース ファイル\Car\Data\Draw3DManager</Filter>
    </ClCompile>
    <ClCompile Include="h+cpp\Draw\Menu\ClearTouch.cpp">
      <Filter>ソース ファイル\Draw\Menu</Filter>
    </ClCompile>
    <ClCompile Include="h+cpp\Draw\Menu\NextTouch.cpp">
      <Filter>ソース ファイル\Draw\Menu</Filter>
    </ClCompile>
    <ClCompile Include="h+cpp\Draw\Menu\OverTouch.cpp">
      <Filter>ソース ファイル\Draw\Menu</Filter>
    </ClCompile>
    <ClCompile Include="h+cpp\Draw\Menu\PauseTouch.cpp">
      <Filter>ソース ファイル\Draw\Menu</Filter>
    </ClCompile>
    <ClCompile Include="h+cpp\Draw\Menu\Button\ButtonBase.cpp">
      <Filter>ソース ファイル\Draw\Menu\Button</Filter>
    </ClCompile>
    <ClCompile Include="h+cpp\Draw\Menu\Button\ButtonGameScene.cpp">
      <Filter>ソース ファイル\Draw\Menu\Button</Filter>
    </ClCompile>
    <ClCompile Include="h+cpp\Draw\Menu\Button\PlayButton.cpp">
      <Filter>ソース ファイル\Draw\Menu\Button</Filter>
    </ClCompile>
    <ClCompile Include="h+cpp\Draw\Menu\Button\RetryButton.cpp">
      <Filter>ソース ファイル\Draw\Menu\Button</Filter>
    </ClCompile>
    <ClCompile Include="h+cpp\Draw\Menu\Button\SelectButton.cpp">
      <Filter>ソース ファイル\Draw\Menu\Button</Filter>
    </ClCompile>
    <ClCompile Include="h+cpp\Draw\Menu\Button\TitleButton.cpp">
      <Filter>ソース ファイル\Draw\Menu\Button</Filter>
    </ClCompile>
    <ClCompile Include="h+cpp\Draw\Effect\Effect_Base.cpp">
      <Filter>ソース ファイル\Draw\Effect</Filter>
    </ClCompile>
    <ClCompile Include="h+cpp\Draw\Effect\EffectVector.cpp">
      <Filter>ソース ファイル\Draw\Effect</Filter>
    </ClCompile>
    <ClCompile Include="h+cpp\Draw\Effect\3D\BulletHole\BulletHole3D.cpp">
      <Filter>ソース ファイル\Draw\Effect\3D\BulletHole</Filter>
    </ClCompile>
    <ClCompile Include="h+cpp\Draw\Effect\3D\Explosion\Explosion3D.cpp">
      <Filter>ソース ファイル\Draw\Effect\3D\Explosion</Filter>
    </ClCompile>
    <ClCompile Include="h+cpp\Draw\Effect\3D\Spark\BulletGround.cpp">
      <Filter>ソース ファイル\Draw\Effect\3D\Spark</Filter>
    </ClCompile>
    <ClCompile Include="h+cpp\Draw\Effect\3D\Spark\Spark.cpp">
      <Filter>ソース ファイル\Draw\Effect\3D\Spark</Filter>
    </ClCompile>
    <ClCompile Include="h+cpp\Draw\Effect\3D\Spark\Spark2.cpp">
      <Filter>ソース ファイル\Draw\Effect\3D\Spark</Filter>
    </ClCompile>
    <ClCompile Include="h+cpp\Draw\Effect\3D\Spark\SparkDamege.cpp">
      <Filter>ソース ファイル\Draw\Effect\3D\Spark</Filter>
    </ClCompile>
    <ClCompile Include="h+cpp\Draw\Effect\3D\Smoke\Smoke.cpp">
      <Filter>ソース ファイル\Draw\Effect\3D\Smoke</Filter>
    </ClCompile>
    <ClCompile Include="h+cpp\Draw\Effect\Car\EffectVectorCar.cpp">
      <Filter>ソース ファイル\Draw\Effect\Car</Filter>
    </ClCompile>
    <ClCompile Include="h+cpp\Draw\Effect\Car\Smoke\CarSmoke.cpp">
      <Filter>ソース ファイル\Draw\Effect\Car\Smoke</Filter>
    </ClCompile>
    <ClCompile Include="h+cpp\Draw\Effect\Gun\No1\Shot\Gun_No1_Bullet_Empty_1.cpp">
      <Filter>ソース ファイル\Draw\Effect\Gun\No1\Shot</Filter>
    </ClCompile>
    <ClCompile Include="h+cpp\Draw\Effect\Gun\No1\Shot\Gun_No1_MozFla_1.cpp">
      <Filter>ソース ファイル\Draw\Effect\Gun\No1\Shot</Filter>
    </ClCompile>
    <ClCompile Include="h+cpp\Draw\Effect\Gun\No1\Shot\Gun_No1_Shot_Effect.cpp">
      <Filter>ソース ファイル\Draw\Effect\Gun\No1\Shot</Filter>
    </ClCompile>
    <ClCompile Include="h+cpp\Draw\TitleParts\StartTex.cpp">
      <Filter>ソース ファイル\Draw\TitleParts</Filter>
    </ClCompile>
    <ClCompile Include="h+cpp\Draw\TitleParts\TitelCamera.cpp">
      <Filter>ソース ファイル\Draw\TitleParts</Filter>
    </ClCompile>
    <ClCompile Include="h+cpp\Draw\TitleParts\TitleSky.cpp">
      <Filter>ソース ファイル\Draw\TitleParts</Filter>
    </ClCompile>
    <ClCompile Include="h+cpp\Draw\TitleParts\TitleTex.cpp">
      <Filter>ソース ファイル\Draw\TitleParts</Filter>
    </ClCompile>
    <ClCompile Include="h+cpp\Draw\StageParts\CarSelect.cpp">
      <Filter>ソース ファイル\Draw\StageParts</Filter>
    </ClCompile>
    <ClCompile Include="h+cpp\Draw\StageParts\CarSet.cpp">
      <Filter>ソース ファイル\Draw\StageParts</Filter>
    </ClCompile>
    <ClCompile Include="h+cpp\Draw\StageParts\OkButton.cpp">
      <Filter>ソース ファイル\Draw\StageParts</Filter>
    </ClCompile>
    <ClCompile Include="h+cpp\Draw\StageParts\Stage_Room.cpp">
      <Filter>ソース ファイル\Draw\StageParts</Filter>
    </ClCompile>
    <ClCompile Include="h+cpp\Draw\StageParts\StageCamera.cpp">
      <Filter>ソース ファイル\Draw\StageParts</Filter>
    </ClCompile>
    <ClCompile Include="h+cpp\Draw\StageParts\StageCar.cpp">
      <Filter>ソース ファイル\Draw\StageParts</Filter>
    </ClCompile>
    <ClCompile Include="h+cpp\Draw\StageParts\StageTex.cpp">
      <Filter>ソース ファイル\Draw\StageParts</Filter>
    </ClCompile>
    <ClCompile Include="h+cpp\Draw\2D\Screen\Screen.cpp">
      <Filter>ソース ファイル\Draw\2D\Screen</Filter>
    </ClCompile>
    <ClCompile Include="h+cpp\Draw\3D\Ball\Ball3D.cpp">
      <Filter>ソース ファイル\Draw\3D\Ball</Filter>
    </ClCompile>
    <ClCompile Include="h+cpp\Draw\Effect\Car\Ball\Ball3DEffect.cpp">
      <Filter>ソース ファイル\Draw\Effect\Car\Ball</Filter>
    </ClCompile>
    <ClCompile Include="h+cpp\GameSource\StructManager.cpp">
      <Filter>ソース ファイル\GameSource</Filter>
    </ClCompile>
    <ClCompile Include="h+cpp\Draw\Damage_Num\DamageNumDraw3DManager.cpp">
      <Filter>ソース ファイル\Draw\Damage_Num</Filter>
    </ClCompile>
  </ItemGroup>
</Project>